{
  "originHash" : "10c211344abc26a9c83f167f3385576be29e5cb7604b8e05ce84a76c3dc67f64",
  "pins" : [
    {
      "identity" : "swift-asn1",
      "kind" : "remoteSourceControl",
      "location" : "https://github.com/apple/swift-asn1.git",
      "state" : {
        "revision" : "3b6410f7dee09eb33cdd26260c5fd47fda19b0e2",
        "version" : "1.7.3"
      }
    },
    {
      "identity" : "swift-certificates",
      "kind" : "remoteSourceControl",
      "location" : "https://github.com/apple/swift-certificates.git",
      "state" : {
        "revision" : "ff86b924ead66f853b8baf91f3c41926a8f36177",
        "version" : "1.21.0"
      }
    },
    {
      "identity" : "swift-crypto",
      "kind" : "remoteSourceControl",
      "location" : "https://github.com/apple/swift-crypto.git",
      "state" : {
        "revision" : "da9d28d69ebe3894b18376c8f2395c2f37b8448f",
        "version" : "4.5.2"
      }
    }
  ],
  "version" : 3
}
