// !$*UTF8*$!
{
	archiveVersion = 1;
	classes = {
	};
	objectVersion = 77;
	objects = {

/* Begin PBXBuildFile section */
		16DD614E6C363E82F410BA94 /* QuickActionsViewModelTests.swift in Sources */ = {isa = PBXBuildFile; fileRef = 51740BEE97BBBB4FA138B987 /* QuickActionsViewModelTests.swift */; };
		193173BAE27FCCA74C46943B /* MenuBarViewModelTests.swift in Sources */ = {isa = PBXBuildFile; fileRef = 89549CE1AAB6CEDB9469135E /* MenuBarViewModelTests.swift */; };
		1ECA3F68880D7035C6D1CC11 /* KeychainStoreFactory.swift in Sources */ = {isa = PBXBuildFile; fileRef = 13609B5F6378DC80B23B7284 /* KeychainStoreFactory.swift */; };
		290551DE0E84A694383AC976 /* ScenarioFailClosedErrorUITests.swift in Sources */ = {isa = PBXBuildFile; fileRef = 0DA41CFE62BC40C516122067 /* ScenarioFailClosedErrorUITests.swift */; };
		37514F52E2CE1541F53D6B5F /* README.md in Resources */ = {isa = PBXBuildFile; fileRef = 5319BE92DEC9F94E1C83D1EC /* README.md */; };
		3A3D0508C5CF70D21E37460E /* QuickActionsViewModel.swift in Sources */ = {isa = PBXBuildFile; fileRef = 8BF20C4F3C47025C0506B8DD /* QuickActionsViewModel.swift */; };
		3CEE3ED42D968EA33509BDB2 /* DeviceStatusViewModelTests.swift in Sources */ = {isa = PBXBuildFile; fileRef = 08C1BE9907AF105E7D4476B1 /* DeviceStatusViewModelTests.swift */; };
		4CF15945A231CDA685E26206 /* LaunchAtLoginViewModel.swift in Sources */ = {isa = PBXBuildFile; fileRef = 0BD74961775D9359BBD2C9A6 /* LaunchAtLoginViewModel.swift */; };
		58DF92881178D8785F0A90CE /* TandemTransport in Frameworks */ = {isa = PBXBuildFile; productRef = 9198B05ADBA40A7A02B76C74 /* TandemTransport */; };
		63DB6AB98B198819FE6F8023 /* AppComposition.swift in Sources */ = {isa = PBXBuildFile; fileRef = 082B4DAA23BC80E3A1AAB856 /* AppComposition.swift */; };
		65CD6C14FBBB2A64DFF59A32 /* MenuBarViewModel.swift in Sources */ = {isa = PBXBuildFile; fileRef = 1957CF1E6A317FC4E549D489 /* MenuBarViewModel.swift */; };
		714112267413EC5B90D96FFA /* TandemProtocol in Frameworks */ = {isa = PBXBuildFile; productRef = 1988BC0B564CCF8C41148DCF /* TandemProtocol */; };
		725B0AE94A30C8D218739076 /* ScenarioPairedConnectedUITests.swift in Sources */ = {isa = PBXBuildFile; fileRef = ED50C79AF2314270FFA9A0F9 /* ScenarioPairedConnectedUITests.swift */; };
		73B62DA518FFEDCE79282EF0 /* README.md in Resources */ = {isa = PBXBuildFile; fileRef = 9CCF1B115421D313E1D549EA /* README.md */; };
		81161460331011F52C3D9494 /* TandemCrypto in Frameworks */ = {isa = PBXBuildFile; productRef = 12FE37962CD7F002672F2964 /* TandemCrypto */; };
		82ED20E7EEEBA196577DC038 /* LaunchAtLoginPreferenceStore.swift in Sources */ = {isa = PBXBuildFile; fileRef = 3EE4C364B9B8A30C20F7C8B6 /* LaunchAtLoginPreferenceStore.swift */; };
		85AC58E2BE2BC6A252F0A390 /* MenuBarContentView.swift in Sources */ = {isa = PBXBuildFile; fileRef = 132ECF02E619377AEA48E71F /* MenuBarContentView.swift */; };
		9071F174A4AC6DBDF8575027 /* ScenarioPairedDisconnectedUITests.swift in Sources */ = {isa = PBXBuildFile; fileRef = EFE4F187257AE37E3EC7F0B2 /* ScenarioPairedDisconnectedUITests.swift */; };
		9A2563DADF4B7EDD4C0B2628 /* QuickActionsView.swift in Sources */ = {isa = PBXBuildFile; fileRef = DF1A4DABE7F5BA206539775C /* QuickActionsView.swift */; };
		9E3ECFF08B9545FFD864C988 /* README.md in Resources */ = {isa = PBXBuildFile; fileRef = 9ED3304BEEFB2EF47223CBA6 /* README.md */; };
		9FA18BC54C2E9FA8D213803E /* TandemStore in Frameworks */ = {isa = PBXBuildFile; productRef = 84D30D39F94B2E8AE9912DBD /* TandemStore */; };
		A2CB7E5B958B0A9AAEF1C62E /* ShareViewController.swift in Sources */ = {isa = PBXBuildFile; fileRef = B9BBB93FC1774C3497E3FBEA /* ShareViewController.swift */; };
		BAFD4035ACF23ADA4DDF955B /* TandemPairing in Frameworks */ = {isa = PBXBuildFile; productRef = 19FA760857066CAA11B0A7B3 /* TandemPairing */; };
		BC7B187EE5AF3789F6775FFF /* README.md in Resources */ = {isa = PBXBuildFile; fileRef = 041CF567C3AFCE26290A0483 /* README.md */; };
		BFFEBE50064F4915AEB574DF /* LaunchAtLoginViewModelTests.swift in Sources */ = {isa = PBXBuildFile; fileRef = 03AF2C8EDB2AC227D3D2C1A6 /* LaunchAtLoginViewModelTests.swift */; };
		C3BD1237656CC812DF5F5687 /* ScenarioNotPairedUITests.swift in Sources */ = {isa = PBXBuildFile; fileRef = 046AE091B763685A22808409 /* ScenarioNotPairedUITests.swift */; };
		C6E8C919188E38AC00BD1581 /* TandemApp.swift in Sources */ = {isa = PBXBuildFile; fileRef = F317BEBC5BD82C36E6AE36C4 /* TandemApp.swift */; };
		CA9576057FCC23494B150ED5 /* TandemProtocol in Frameworks */ = {isa = PBXBuildFile; productRef = BE8F0E46D0DF41D3590CE07D /* TandemProtocol */; };
		E05C58FC7E50230C0D8639F7 /* TandemShare.appex in Embed Foundation Extensions */ = {isa = PBXBuildFile; fileRef = A99C8E0FE674D8AF165C8E36 /* TandemShare.appex */; settings = {ATTRIBUTES = (CodeSignOnCopy, RemoveHeadersOnCopy, ); }; };
		E6266FDBF47CC04D900C56BE /* HarnessHooks.swift in Sources */ = {isa = PBXBuildFile; fileRef = 5600AA250B6FE2ECF965468B /* HarnessHooks.swift */; };
		EABFA9CEAD6AF0FAF17F0706 /* UITestScenario.swift in Sources */ = {isa = PBXBuildFile; fileRef = A5E30F71572BF267AF52CCFE /* UITestScenario.swift */; };
		F2BA917BADEB1A667CEFBFC4 /* DeviceStatusViewModel.swift in Sources */ = {isa = PBXBuildFile; fileRef = 2D8961FE840E68467F107CF9 /* DeviceStatusViewModel.swift */; };
		F66E40871791C2532B715C5C /* ErrorPresenterTests.swift in Sources */ = {isa = PBXBuildFile; fileRef = 914DF049130A763AC77ED363 /* ErrorPresenterTests.swift */; };
		5BC594911F2522516690556B /* FindPhoneViewModel.swift in Sources */ = {isa = PBXBuildFile; fileRef = 3F1080F862CDF9807DD55F07 /* FindPhoneViewModel.swift */; };
		608591D94DC4AD290A93F808 /* FindPhoneViewModelTests.swift in Sources */ = {isa = PBXBuildFile; fileRef = BC38EB664ABEDF4E0B552F0B /* FindPhoneViewModelTests.swift */; };
		F9688097D3E090DD745B8855 /* LoginItemService.swift in Sources */ = {isa = PBXBuildFile; fileRef = B585178A98786DB4AB6D5375 /* LoginItemService.swift */; };
/* End PBXBuildFile section */

/* Begin PBXContainerItemProxy section */
		0BEB5AA17C66FEEC4A3562E7 /* PBXContainerItemProxy */ = {
			isa = PBXContainerItemProxy;
			containerPortal = 65C5B6802EBC009E346053A9 /* Project object */;
			proxyType = 1;
			remoteGlobalIDString = 04ABC6CCB7A3CFDAB37494F5;
			remoteInfo = TandemShare;
		};
		2CADE7EC73EABC2F6FEF7859 /* PBXContainerItemProxy */ = {
			isa = PBXContainerItemProxy;
			containerPortal = 65C5B6802EBC009E346053A9 /* Project object */;
			proxyType = 1;
			remoteGlobalIDString = 420AE8114A5DC308D38B542C;
			remoteInfo = TandemApp;
		};
		A09F09F2F9BA4BC2DF0BC2A4 /* PBXContainerItemProxy */ = {
			isa = PBXContainerItemProxy;
			containerPortal = 65C5B6802EBC009E346053A9 /* Project object */;
			proxyType = 1;
			remoteGlobalIDString = 420AE8114A5DC308D38B542C;
			remoteInfo = TandemApp;
		};
/* End PBXContainerItemProxy section */

/* Begin PBXCopyFilesBuildPhase section */
		433EE791D885AE4A2DDBCBCD /* Embed Foundation Extensions */ = {
			isa = PBXCopyFilesBuildPhase;
			buildActionMask = 2147483647;
			dstPath = "";
			dstSubfolderSpec = 13;
			files = (
				E05C58FC7E50230C0D8639F7 /* TandemShare.appex in Embed Foundation Extensions */,
			);
			name = "Embed Foundation Extensions";
			runOnlyForDeploymentPostprocessing = 0;
		};
/* End PBXCopyFilesBuildPhase section */

/* Begin PBXFileReference section */
		03AF2C8EDB2AC227D3D2C1A6 /* LaunchAtLoginViewModelTests.swift */ = {isa = PBXFileReference; lastKnownFileType = sourcecode.swift; path = LaunchAtLoginViewModelTests.swift; sourceTree = "<group>"; };
		041CF567C3AFCE26290A0483 /* README.md */ = {isa = PBXFileReference; lastKnownFileType = net.daringfireball.markdown; path = README.md; sourceTree = "<group>"; };
		046AE091B763685A22808409 /* ScenarioNotPairedUITests.swift */ = {isa = PBXFileReference; lastKnownFileType = sourcecode.swift; path = ScenarioNotPairedUITests.swift; sourceTree = "<group>"; };
		082B4DAA23BC80E3A1AAB856 /* AppComposition.swift */ = {isa = PBXFileReference; lastKnownFileType = sourcecode.swift; path = AppComposition.swift; sourceTree = "<group>"; };
		08C1BE9907AF105E7D4476B1 /* DeviceStatusViewModelTests.swift */ = {isa = PBXFileReference; lastKnownFileType = sourcecode.swift; path = DeviceStatusViewModelTests.swift; sourceTree = "<group>"; };
		0BD74961775D9359BBD2C9A6 /* LaunchAtLoginViewModel.swift */ = {isa = PBXFileReference; lastKnownFileType = sourcecode.swift; path = LaunchAtLoginViewModel.swift; sourceTree = "<group>"; };
		0DA41CFE62BC40C516122067 /* ScenarioFailClosedErrorUITests.swift */ = {isa = PBXFileReference; lastKnownFileType = sourcecode.swift; path = ScenarioFailClosedErrorUITests.swift; sourceTree = "<group>"; };
		132ECF02E619377AEA48E71F /* MenuBarContentView.swift */ = {isa = PBXFileReference; lastKnownFileType = sourcecode.swift; path = MenuBarContentView.swift; sourceTree = "<group>"; };
		13609B5F6378DC80B23B7284 /* KeychainStoreFactory.swift */ = {isa = PBXFileReference; lastKnownFileType = sourcecode.swift; path = KeychainStoreFactory.swift; sourceTree = "<group>"; };
		1957CF1E6A317FC4E549D489 /* MenuBarViewModel.swift */ = {isa = PBXFileReference; lastKnownFileType = sourcecode.swift; path = MenuBarViewModel.swift; sourceTree = "<group>"; };
		1ADF46FA55FCA2970CBE9E9B /* Info.plist */ = {isa = PBXFileReference; lastKnownFileType = text.plist; path = Info.plist; sourceTree = "<group>"; };
		22B90C5D6D56E3A0E60531E0 /* TandemPairing */ = {isa = PBXFileReference; lastKnownFileType = folder; name = TandemPairing; path = Packages/TandemPairing; sourceTree = SOURCE_ROOT; };
		2D8961FE840E68467F107CF9 /* DeviceStatusViewModel.swift */ = {isa = PBXFileReference; lastKnownFileType = sourcecode.swift; path = DeviceStatusViewModel.swift; sourceTree = "<group>"; };
		32CDA13C3DF0DEB4E7DCD12B /* Info.plist */ = {isa = PBXFileReference; lastKnownFileType = text.plist; path = Info.plist; sourceTree = "<group>"; };
		36ABA4431BCAC85E00C4C62F /* TandemUITests.xctest */ = {isa = PBXFileReference; explicitFileType = wrapper.cfbundle; includeInIndex = 0; path = TandemUITests.xctest; sourceTree = BUILT_PRODUCTS_DIR; };
		39581A17C108C4B4F78C2DD1 /* TandemTransport */ = {isa = PBXFileReference; lastKnownFileType = folder; name = TandemTransport; path = Packages/TandemTransport; sourceTree = SOURCE_ROOT; };
		3EE4C364B9B8A30C20F7C8B6 /* LaunchAtLoginPreferenceStore.swift */ = {isa = PBXFileReference; lastKnownFileType = sourcecode.swift; path = LaunchAtLoginPreferenceStore.swift; sourceTree = "<group>"; };
		42DC6A25C8E86E1680563D5D /* TandemAppTests.xctest */ = {isa = PBXFileReference; explicitFileType = wrapper.cfbundle; includeInIndex = 0; path = TandemAppTests.xctest; sourceTree = BUILT_PRODUCTS_DIR; };
		51740BEE97BBBB4FA138B987 /* QuickActionsViewModelTests.swift */ = {isa = PBXFileReference; lastKnownFileType = sourcecode.swift; path = QuickActionsViewModelTests.swift; sourceTree = "<group>"; };
		5319BE92DEC9F94E1C83D1EC /* README.md */ = {isa = PBXFileReference; lastKnownFileType = net.daringfireball.markdown; path = README.md; sourceTree = "<group>"; };
		5600AA250B6FE2ECF965468B /* HarnessHooks.swift */ = {isa = PBXFileReference; lastKnownFileType = sourcecode.swift; path = HarnessHooks.swift; sourceTree = "<group>"; };
		89549CE1AAB6CEDB9469135E /* MenuBarViewModelTests.swift */ = {isa = PBXFileReference; lastKnownFileType = sourcecode.swift; path = MenuBarViewModelTests.swift; sourceTree = "<group>"; };
		8A44A1216CFE5055E0699868 /* TandemApp.entitlements */ = {isa = PBXFileReference; lastKnownFileType = text.plist.entitlements; path = TandemApp.entitlements; sourceTree = "<group>"; };
		8BF20C4F3C47025C0506B8DD /* QuickActionsViewModel.swift */ = {isa = PBXFileReference; lastKnownFileType = sourcecode.swift; path = QuickActionsViewModel.swift; sourceTree = "<group>"; };
		914DF049130A763AC77ED363 /* ErrorPresenterTests.swift */ = {isa = PBXFileReference; lastKnownFileType = sourcecode.swift; path = ErrorPresenterTests.swift; sourceTree = "<group>"; };
		9CB0190769744BA6B44C66E6 /* TandemShare.entitlements */ = {isa = PBXFileReference; lastKnownFileType = text.plist.entitlements; path = TandemShare.entitlements; sourceTree = "<group>"; };
		9CCF1B115421D313E1D549EA /* README.md */ = {isa = PBXFileReference; lastKnownFileType = net.daringfireball.markdown; path = README.md; sourceTree = "<group>"; };
		9ED3304BEEFB2EF47223CBA6 /* README.md */ = {isa = PBXFileReference; lastKnownFileType = net.daringfireball.markdown; path = README.md; sourceTree = "<group>"; };
		A5E30F71572BF267AF52CCFE /* UITestScenario.swift */ = {isa = PBXFileReference; lastKnownFileType = sourcecode.swift; path = UITestScenario.swift; sourceTree = "<group>"; };
		A98336DD4416DB2CBF0ED481 /* TandemCrypto */ = {isa = PBXFileReference; lastKnownFileType = folder; name = TandemCrypto; path = Packages/TandemCrypto; sourceTree = SOURCE_ROOT; };
		A99C8E0FE674D8AF165C8E36 /* TandemShare.appex */ = {isa = PBXFileReference; explicitFileType = "wrapper.app-extension"; includeInIndex = 0; path = TandemShare.appex; sourceTree = BUILT_PRODUCTS_DIR; };
		B585178A98786DB4AB6D5375 /* LoginItemService.swift */ = {isa = PBXFileReference; lastKnownFileType = sourcecode.swift; path = LoginItemService.swift; sourceTree = "<group>"; };
		B9BBB93FC1774C3497E3FBEA /* ShareViewController.swift */ = {isa = PBXFileReference; lastKnownFileType = sourcecode.swift; path = ShareViewController.swift; sourceTree = "<group>"; };
		D4D890067B09F0862A11DF58 /* TandemProtocol */ = {isa = PBXFileReference; lastKnownFileType = folder; name = TandemProtocol; path = Packages/TandemProtocol; sourceTree = SOURCE_ROOT; };
		DA99F72F15344D7755773094 /* TandemApp.app */ = {isa = PBXFileReference; explicitFileType = wrapper.application; includeInIndex = 0; path = TandemApp.app; sourceTree = BUILT_PRODUCTS_DIR; };
		DF1A4DABE7F5BA206539775C /* QuickActionsView.swift */ = {isa = PBXFileReference; lastKnownFileType = sourcecode.swift; path = QuickActionsView.swift; sourceTree = "<group>"; };
		EC03814D9752C7029BBEB1C2 /* TandemStore */ = {isa = PBXFileReference; lastKnownFileType = folder; name = TandemStore; path = Packages/TandemStore; sourceTree = SOURCE_ROOT; };
		ED50C79AF2314270FFA9A0F9 /* ScenarioPairedConnectedUITests.swift */ = {isa = PBXFileReference; lastKnownFileType = sourcecode.swift; path = ScenarioPairedConnectedUITests.swift; sourceTree = "<group>"; };
		EFE4F187257AE37E3EC7F0B2 /* ScenarioPairedDisconnectedUITests.swift */ = {isa = PBXFileReference; lastKnownFileType = sourcecode.swift; path = ScenarioPairedDisconnectedUITests.swift; sourceTree = "<group>"; };
		F317BEBC5BD82C36E6AE36C4 /* TandemApp.swift */ = {isa = PBXFileReference; lastKnownFileType = sourcecode.swift; path = TandemApp.swift; sourceTree = "<group>"; };
		3F1080F862CDF9807DD55F07 /* FindPhoneViewModel.swift */ = {isa = PBXFileReference; lastKnownFileType = sourcecode.swift; path = FindPhoneViewModel.swift; sourceTree = "<group>"; };
		BC38EB664ABEDF4E0B552F0B /* FindPhoneViewModelTests.swift */ = {isa = PBXFileReference; lastKnownFileType = sourcecode.swift; path = FindPhoneViewModelTests.swift; sourceTree = "<group>"; };
/* End PBXFileReference section */

/* Begin PBXFrameworksBuildPhase section */
		4218F3F64192388F1889EF41 /* Frameworks */ = {
			isa = PBXFrameworksBuildPhase;
			buildActionMask = 2147483647;
			files = (
				81161460331011F52C3D9494 /* TandemCrypto in Frameworks */,
				58DF92881178D8785F0A90CE /* TandemTransport in Frameworks */,
				9FA18BC54C2E9FA8D213803E /* TandemStore in Frameworks */,
				714112267413EC5B90D96FFA /* TandemProtocol in Frameworks */,
				BAFD4035ACF23ADA4DDF955B /* TandemPairing in Frameworks */,
			);
			runOnlyForDeploymentPostprocessing = 0;
		};
		A7371E9DB572F1A6CE1068EA /* Frameworks */ = {
			isa = PBXFrameworksBuildPhase;
			buildActionMask = 2147483647;
			files = (
				CA9576057FCC23494B150ED5 /* TandemProtocol in Frameworks */,
			);
			runOnlyForDeploymentPostprocessing = 0;
		};
/* End PBXFrameworksBuildPhase section */

/* Begin PBXGroup section */
		0A6ACEE33F1C9E09EEC5E95C /* TandemShare */ = {
			isa = PBXGroup;
			children = (
				32CDA13C3DF0DEB4E7DCD12B /* Info.plist */,
				9CCF1B115421D313E1D549EA /* README.md */,
				B9BBB93FC1774C3497E3FBEA /* ShareViewController.swift */,
				9CB0190769744BA6B44C66E6 /* TandemShare.entitlements */,
			);
			path = TandemShare;
			sourceTree = "<group>";
		};
		826B8821B9D13CF8014B2982 /* TandemUITests */ = {
			isa = PBXGroup;
			children = (
				9ED3304BEEFB2EF47223CBA6 /* README.md */,
				0DA41CFE62BC40C516122067 /* ScenarioFailClosedErrorUITests.swift */,
				046AE091B763685A22808409 /* ScenarioNotPairedUITests.swift */,
				ED50C79AF2314270FFA9A0F9 /* ScenarioPairedConnectedUITests.swift */,
				EFE4F187257AE37E3EC7F0B2 /* ScenarioPairedDisconnectedUITests.swift */,
			);
			path = TandemUITests;
			sourceTree = "<group>";
		};
		90B0D721ADB7BDABE34F39FF /* Products */ = {
			isa = PBXGroup;
			children = (
				DA99F72F15344D7755773094 /* TandemApp.app */,
				42DC6A25C8E86E1680563D5D /* TandemAppTests.xctest */,
				A99C8E0FE674D8AF165C8E36 /* TandemShare.appex */,
				36ABA4431BCAC85E00C4C62F /* TandemUITests.xctest */,
			);
			name = Products;
			sourceTree = "<group>";
		};
		A9128161CD48DA25F6524B0C /* TandemAppTests */ = {
			isa = PBXGroup;
			children = (
				08C1BE9907AF105E7D4476B1 /* DeviceStatusViewModelTests.swift */,
				914DF049130A763AC77ED363 /* ErrorPresenterTests.swift */,
				BC38EB664ABEDF4E0B552F0B /* FindPhoneViewModelTests.swift */,
				03AF2C8EDB2AC227D3D2C1A6 /* LaunchAtLoginViewModelTests.swift */,
				89549CE1AAB6CEDB9469135E /* MenuBarViewModelTests.swift */,
				51740BEE97BBBB4FA138B987 /* QuickActionsViewModelTests.swift */,
				041CF567C3AFCE26290A0483 /* README.md */,
			);
			path = TandemAppTests;
			sourceTree = "<group>";
		};
		B4DBF71FB3128126612D5D3C = {
			isa = PBXGroup;
			children = (
				E761C8EF00E9F7D6EF4C817D /* Packages */,
				EF686EE77DBC985FA54C12E5 /* TandemApp */,
				A9128161CD48DA25F6524B0C /* TandemAppTests */,
				0A6ACEE33F1C9E09EEC5E95C /* TandemShare */,
				826B8821B9D13CF8014B2982 /* TandemUITests */,
				90B0D721ADB7BDABE34F39FF /* Products */,
			);
			sourceTree = "<group>";
		};
		E761C8EF00E9F7D6EF4C817D /* Packages */ = {
			isa = PBXGroup;
			children = (
				A98336DD4416DB2CBF0ED481 /* TandemCrypto */,
				22B90C5D6D56E3A0E60531E0 /* TandemPairing */,
				D4D890067B09F0862A11DF58 /* TandemProtocol */,
				EC03814D9752C7029BBEB1C2 /* TandemStore */,
				39581A17C108C4B4F78C2DD1 /* TandemTransport */,
			);
			path = Packages;
			sourceTree = "<group>";
		};
		EF686EE77DBC985FA54C12E5 /* TandemApp */ = {
			isa = PBXGroup;
			children = (
				082B4DAA23BC80E3A1AAB856 /* AppComposition.swift */,
				2D8961FE840E68467F107CF9 /* DeviceStatusViewModel.swift */,
				3F1080F862CDF9807DD55F07 /* FindPhoneViewModel.swift */,
				5600AA250B6FE2ECF965468B /* HarnessHooks.swift */,
				1ADF46FA55FCA2970CBE9E9B /* Info.plist */,
				13609B5F6378DC80B23B7284 /* KeychainStoreFactory.swift */,
				3EE4C364B9B8A30C20F7C8B6 /* LaunchAtLoginPreferenceStore.swift */,
				0BD74961775D9359BBD2C9A6 /* LaunchAtLoginViewModel.swift */,
				B585178A98786DB4AB6D5375 /* LoginItemService.swift */,
				132ECF02E619377AEA48E71F /* MenuBarContentView.swift */,
				1957CF1E6A317FC4E549D489 /* MenuBarViewModel.swift */,
				DF1A4DABE7F5BA206539775C /* QuickActionsView.swift */,
				8BF20C4F3C47025C0506B8DD /* QuickActionsViewModel.swift */,
				5319BE92DEC9F94E1C83D1EC /* README.md */,
				8A44A1216CFE5055E0699868 /* TandemApp.entitlements */,
				F317BEBC5BD82C36E6AE36C4 /* TandemApp.swift */,
				A5E30F71572BF267AF52CCFE /* UITestScenario.swift */,
			);
			path = TandemApp;
			sourceTree = "<group>";
		};
/* End PBXGroup section */

/* Begin PBXNativeTarget section */
		04ABC6CCB7A3CFDAB37494F5 /* TandemShare */ = {
			isa = PBXNativeTarget;
			buildConfigurationList = 43F5DB77CC59FF0186EF0268 /* Build configuration list for PBXNativeTarget "TandemShare" */;
			buildPhases = (
				E6C0D035596B8AB2F87A804F /* Sources */,
				49B17D310B02CAFE6AEB90BF /* Resources */,
			);
			buildRules = (
			);
			dependencies = (
			);
			name = TandemShare;
			packageProductDependencies = (
			);
			productName = TandemShare;
			productReference = A99C8E0FE674D8AF165C8E36 /* TandemShare.appex */;
			productType = "com.apple.product-type.app-extension";
		};
		3631CC0D958EBE67C1902296 /* TandemAppTests */ = {
			isa = PBXNativeTarget;
			buildConfigurationList = FEA31CC30E71F445697274E1 /* Build configuration list for PBXNativeTarget "TandemAppTests" */;
			buildPhases = (
				6CA9F651C307663EA2598ACB /* Sources */,
				2DB267659590A2945A73B5A4 /* Resources */,
			);
			buildRules = (
			);
			dependencies = (
				C166DA6F710E152041027513 /* PBXTargetDependency */,
			);
			name = TandemAppTests;
			packageProductDependencies = (
			);
			productName = TandemAppTests;
			productReference = 42DC6A25C8E86E1680563D5D /* TandemAppTests.xctest */;
			productType = "com.apple.product-type.bundle.unit-test";
		};
		420AE8114A5DC308D38B542C /* TandemApp */ = {
			isa = PBXNativeTarget;
			buildConfigurationList = C94FAB219E15BE98561A01EE /* Build configuration list for PBXNativeTarget "TandemApp" */;
			buildPhases = (
				9B61F966E94CF80254988195 /* Sources */,
				F182F9806FA41F82E0997B5D /* Resources */,
				4218F3F64192388F1889EF41 /* Frameworks */,
				433EE791D885AE4A2DDBCBCD /* Embed Foundation Extensions */,
			);
			buildRules = (
			);
			dependencies = (
				0BC96B36252E1950445D51AB /* PBXTargetDependency */,
			);
			name = TandemApp;
			packageProductDependencies = (
				12FE37962CD7F002672F2964 /* TandemCrypto */,
				9198B05ADBA40A7A02B76C74 /* TandemTransport */,
				84D30D39F94B2E8AE9912DBD /* TandemStore */,
				1988BC0B564CCF8C41148DCF /* TandemProtocol */,
				19FA760857066CAA11B0A7B3 /* TandemPairing */,
			);
			productName = TandemApp;
			productReference = DA99F72F15344D7755773094 /* TandemApp.app */;
			productType = "com.apple.product-type.application";
		};
		478185C79D894ECF1EEE635B /* TandemUITests */ = {
			isa = PBXNativeTarget;
			buildConfigurationList = A54F9C4699D7BDB702F44ABD /* Build configuration list for PBXNativeTarget "TandemUITests" */;
			buildPhases = (
				034657D71E5B6215B354265A /* Sources */,
				A0FC01FD80015AB82A5E182B /* Resources */,
				A7371E9DB572F1A6CE1068EA /* Frameworks */,
			);
			buildRules = (
			);
			dependencies = (
				A3A60F4EE5062DD75BBF80C7 /* PBXTargetDependency */,
			);
			name = TandemUITests;
			packageProductDependencies = (
				BE8F0E46D0DF41D3590CE07D /* TandemProtocol */,
			);
			productName = TandemUITests;
			productReference = 36ABA4431BCAC85E00C4C62F /* TandemUITests.xctest */;
			productType = "com.apple.product-type.bundle.ui-testing";
		};
/* End PBXNativeTarget section */

/* Begin PBXProject section */
		65C5B6802EBC009E346053A9 /* Project object */ = {
			isa = PBXProject;
			attributes = {
				BuildIndependentTargetsInParallel = YES;
				LastUpgradeCheck = 1430;
				TargetAttributes = {
					478185C79D894ECF1EEE635B = {
						TestTargetID = 420AE8114A5DC308D38B542C;
					};
				};
			};
			buildConfigurationList = A768536B4BC3573356B3E1E5 /* Build configuration list for PBXProject "Tandem" */;
			developmentRegion = en;
			hasScannedForEncodings = 0;
			knownRegions = (
				Base,
				en,
			);
			mainGroup = B4DBF71FB3128126612D5D3C;
			minimizedProjectReferenceProxies = 1;
			packageReferences = (
				0218E04C3402C3090FADECBF /* XCLocalSwiftPackageReference "Packages/TandemCrypto" */,
				DFEA52698D47E79167671FD7 /* XCLocalSwiftPackageReference "Packages/TandemPairing" */,
				7F7D28370B22FFA6B9153614 /* XCLocalSwiftPackageReference "Packages/TandemProtocol" */,
				465E8D8E5336455AEFFF2E07 /* XCLocalSwiftPackageReference "Packages/TandemStore" */,
				FE7626BCD2453DAC6B0044D3 /* XCLocalSwiftPackageReference "Packages/TandemTransport" */,
			);
			preferredProjectObjectVersion = 77;
			productRefGroup = 90B0D721ADB7BDABE34F39FF /* Products */;
			projectDirPath = "";
			projectRoot = "";
			targets = (
				420AE8114A5DC308D38B542C /* TandemApp */,
				04ABC6CCB7A3CFDAB37494F5 /* TandemShare */,
				3631CC0D958EBE67C1902296 /* TandemAppTests */,
				478185C79D894ECF1EEE635B /* TandemUITests */,
			);
		};
/* End PBXProject section */

/* Begin PBXResourcesBuildPhase section */
		2DB267659590A2945A73B5A4 /* Resources */ = {
			isa = PBXResourcesBuildPhase;
			buildActionMask = 2147483647;
			files = (
				BC7B187EE5AF3789F6775FFF /* README.md in Resources */,
			);
			runOnlyForDeploymentPostprocessing = 0;
		};
		49B17D310B02CAFE6AEB90BF /* Resources */ = {
			isa = PBXResourcesBuildPhase;
			buildActionMask = 2147483647;
			files = (
				73B62DA518FFEDCE79282EF0 /* README.md in Resources */,
			);
			runOnlyForDeploymentPostprocessing = 0;
		};
		A0FC01FD80015AB82A5E182B /* Resources */ = {
			isa = PBXResourcesBuildPhase;
			buildActionMask = 2147483647;
			files = (
				9E3ECFF08B9545FFD864C988 /* README.md in Resources */,
			);
			runOnlyForDeploymentPostprocessing = 0;
		};
		F182F9806FA41F82E0997B5D /* Resources */ = {
			isa = PBXResourcesBuildPhase;
			buildActionMask = 2147483647;
			files = (
				37514F52E2CE1541F53D6B5F /* README.md in Resources */,
			);
			runOnlyForDeploymentPostprocessing = 0;
		};
/* End PBXResourcesBuildPhase section */

/* Begin PBXSourcesBuildPhase section */
		034657D71E5B6215B354265A /* Sources */ = {
			isa = PBXSourcesBuildPhase;
			buildActionMask = 2147483647;
			files = (
				290551DE0E84A694383AC976 /* ScenarioFailClosedErrorUITests.swift in Sources */,
				C3BD1237656CC812DF5F5687 /* ScenarioNotPairedUITests.swift in Sources */,
				725B0AE94A30C8D218739076 /* ScenarioPairedConnectedUITests.swift in Sources */,
				9071F174A4AC6DBDF8575027 /* ScenarioPairedDisconnectedUITests.swift in Sources */,
			);
			runOnlyForDeploymentPostprocessing = 0;
		};
		6CA9F651C307663EA2598ACB /* Sources */ = {
			isa = PBXSourcesBuildPhase;
			buildActionMask = 2147483647;
			files = (
				3CEE3ED42D968EA33509BDB2 /* DeviceStatusViewModelTests.swift in Sources */,
				F66E40871791C2532B715C5C /* ErrorPresenterTests.swift in Sources */,
				608591D94DC4AD290A93F808 /* FindPhoneViewModelTests.swift in Sources */,
				BFFEBE50064F4915AEB574DF /* LaunchAtLoginViewModelTests.swift in Sources */,
				193173BAE27FCCA74C46943B /* MenuBarViewModelTests.swift in Sources */,
				16DD614E6C363E82F410BA94 /* QuickActionsViewModelTests.swift in Sources */,
			);
			runOnlyForDeploymentPostprocessing = 0;
		};
		9B61F966E94CF80254988195 /* Sources */ = {
			isa = PBXSourcesBuildPhase;
			buildActionMask = 2147483647;
			files = (
				63DB6AB98B198819FE6F8023 /* AppComposition.swift in Sources */,
				F2BA917BADEB1A667CEFBFC4 /* DeviceStatusViewModel.swift in Sources */,
				5BC594911F2522516690556B /* FindPhoneViewModel.swift in Sources */,
				E6266FDBF47CC04D900C56BE /* HarnessHooks.swift in Sources */,
				1ECA3F68880D7035C6D1CC11 /* KeychainStoreFactory.swift in Sources */,
				82ED20E7EEEBA196577DC038 /* LaunchAtLoginPreferenceStore.swift in Sources */,
				4CF15945A231CDA685E26206 /* LaunchAtLoginViewModel.swift in Sources */,
				F9688097D3E090DD745B8855 /* LoginItemService.swift in Sources */,
				85AC58E2BE2BC6A252F0A390 /* MenuBarContentView.swift in Sources */,
				65CD6C14FBBB2A64DFF59A32 /* MenuBarViewModel.swift in Sources */,
				9A2563DADF4B7EDD4C0B2628 /* QuickActionsView.swift in Sources */,
				3A3D0508C5CF70D21E37460E /* QuickActionsViewModel.swift in Sources */,
				C6E8C919188E38AC00BD1581 /* TandemApp.swift in Sources */,
				EABFA9CEAD6AF0FAF17F0706 /* UITestScenario.swift in Sources */,
			);
			runOnlyForDeploymentPostprocessing = 0;
		};
		E6C0D035596B8AB2F87A804F /* Sources */ = {
			isa = PBXSourcesBuildPhase;
			buildActionMask = 2147483647;
			files = (
				A2CB7E5B958B0A9AAEF1C62E /* ShareViewController.swift in Sources */,
			);
			runOnlyForDeploymentPostprocessing = 0;
		};
/* End PBXSourcesBuildPhase section */

/* Begin PBXTargetDependency section */
		0BC96B36252E1950445D51AB /* PBXTargetDependency */ = {
			isa = PBXTargetDependency;
			target = 04ABC6CCB7A3CFDAB37494F5 /* TandemShare */;
			targetProxy = 0BEB5AA17C66FEEC4A3562E7 /* PBXContainerItemProxy */;
		};
		A3A60F4EE5062DD75BBF80C7 /* PBXTargetDependency */ = {
			isa = PBXTargetDependency;
			target = 420AE8114A5DC308D38B542C /* TandemApp */;
			targetProxy = A09F09F2F9BA4BC2DF0BC2A4 /* PBXContainerItemProxy */;
		};
		C166DA6F710E152041027513 /* PBXTargetDependency */ = {
			isa = PBXTargetDependency;
			target = 420AE8114A5DC308D38B542C /* TandemApp */;
			targetProxy = 2CADE7EC73EABC2F6FEF7859 /* PBXContainerItemProxy */;
		};
/* End PBXTargetDependency section */

/* Begin XCBuildConfiguration section */
		0CF2B687895DB98B0E229CD7 /* Release */ = {
			isa = XCBuildConfiguration;
			buildSettings = {
				ALWAYS_SEARCH_USER_PATHS = NO;
				CLANG_ANALYZER_NONNULL = YES;
				CLANG_ANALYZER_NUMBER_OBJECT_CONVERSION = YES_AGGRESSIVE;
				CLANG_CXX_LANGUAGE_STANDARD = "gnu++14";
				CLANG_CXX_LIBRARY = "libc++";
				CLANG_ENABLE_MODULES = YES;
				CLANG_ENABLE_OBJC_ARC = YES;
				CLANG_ENABLE_OBJC_WEAK = YES;
				CLANG_WARN_BLOCK_CAPTURE_AUTORELEASING = YES;
				CLANG_WARN_BOOL_CONVERSION = YES;
				CLANG_WARN_COMMA = YES;
				CLANG_WARN_CONSTANT_CONVERSION = YES;
				CLANG_WARN_DEPRECATED_OBJC_IMPLEMENTATIONS = YES;
				CLANG_WARN_DIRECT_OBJC_ISA_USAGE = YES_ERROR;
				CLANG_WARN_DOCUMENTATION_COMMENTS = YES;
				CLANG_WARN_EMPTY_BODY = YES;
				CLANG_WARN_ENUM_CONVERSION = YES;
				CLANG_WARN_INFINITE_RECURSION = YES;
				CLANG_WARN_INT_CONVERSION = YES;
				CLANG_WARN_NON_LITERAL_NULL_CONVERSION = YES;
				CLANG_WARN_OBJC_IMPLICIT_RETAIN_SELF = YES;
				CLANG_WARN_OBJC_LITERAL_CONVERSION = YES;
				CLANG_WARN_OBJC_ROOT_CLASS = YES_ERROR;
				CLANG_WARN_QUOTED_INCLUDE_IN_FRAMEWORK_HEADER = YES;
				CLANG_WARN_RANGE_LOOP_ANALYSIS = YES;
				CLANG_WARN_STRICT_PROTOTYPES = YES;
				CLANG_WARN_SUSPICIOUS_MOVE = YES;
				CLANG_WARN_UNGUARDED_AVAILABILITY = YES_AGGRESSIVE;
				CLANG_WARN_UNREACHABLE_CODE = YES;
				CLANG_WARN__DUPLICATE_METHOD_MATCH = YES;
				COPY_PHASE_STRIP = NO;
				DEBUG_INFORMATION_FORMAT = "dwarf-with-dsym";
				ENABLE_NS_ASSERTIONS = NO;
				ENABLE_STRICT_OBJC_MSGSEND = YES;
				GCC_C_LANGUAGE_STANDARD = gnu11;
				GCC_NO_COMMON_BLOCKS = YES;
				GCC_WARN_64_TO_32_BIT_CONVERSION = YES;
				GCC_WARN_ABOUT_RETURN_TYPE = YES_ERROR;
				GCC_WARN_UNDECLARED_SELECTOR = YES;
				GCC_WARN_UNINITIALIZED_AUTOS = YES_AGGRESSIVE;
				GCC_WARN_UNUSED_FUNCTION = YES;
				GCC_WARN_UNUSED_VARIABLE = YES;
				MACOSX_DEPLOYMENT_TARGET = 15.0;
				MTL_ENABLE_DEBUG_INFO = NO;
				MTL_FAST_MATH = YES;
				PRODUCT_NAME = "$(TARGET_NAME)";
				SDKROOT = macosx;
				SWIFT_COMPILATION_MODE = wholemodule;
				SWIFT_OPTIMIZATION_LEVEL = "-O";
				SWIFT_VERSION = 5.0;
			};
			name = Release;
		};
		1F6AE557B87C19900876D355 /* Debug */ = {
			isa = XCBuildConfiguration;
			buildSettings = {
				ASSETCATALOG_COMPILER_APPICON_NAME = AppIcon;
				CODE_SIGN_ENTITLEMENTS = TandemApp/TandemApp.entitlements;
				COMBINE_HIDPI_IMAGES = YES;
				INFOPLIST_FILE = TandemApp/Info.plist;
				LD_RUNPATH_SEARCH_PATHS = (
					"$(inherited)",
					"@executable_path/../Frameworks",
				);
				PRODUCT_BUNDLE_IDENTIFIER = dev.tandem.app;
				SDKROOT = macosx;
				SWIFT_VERSION = 6.0;
			};
			name = Debug;
		};
		2C3D55C22239E535255FB897 /* Debug */ = {
			isa = XCBuildConfiguration;
			buildSettings = {
				ALWAYS_SEARCH_USER_PATHS = NO;
				CLANG_ANALYZER_NONNULL = YES;
				CLANG_ANALYZER_NUMBER_OBJECT_CONVERSION = YES_AGGRESSIVE;
				CLANG_CXX_LANGUAGE_STANDARD = "gnu++14";
				CLANG_CXX_LIBRARY = "libc++";
				CLANG_ENABLE_MODULES = YES;
				CLANG_ENABLE_OBJC_ARC = YES;
				CLANG_ENABLE_OBJC_WEAK = YES;
				CLANG_WARN_BLOCK_CAPTURE_AUTORELEASING = YES;
				CLANG_WARN_BOOL_CONVERSION = YES;
				CLANG_WARN_COMMA = YES;
				CLANG_WARN_CONSTANT_CONVERSION = YES;
				CLANG_WARN_DEPRECATED_OBJC_IMPLEMENTATIONS = YES;
				CLANG_WARN_DIRECT_OBJC_ISA_USAGE = YES_ERROR;
				CLANG_WARN_DOCUMENTATION_COMMENTS = YES;
				CLANG_WARN_EMPTY_BODY = YES;
				CLANG_WARN_ENUM_CONVERSION = YES;
				CLANG_WARN_INFINITE_RECURSION = YES;
				CLANG_WARN_INT_CONVERSION = YES;
				CLANG_WARN_NON_LITERAL_NULL_CONVERSION = YES;
				CLANG_WARN_OBJC_IMPLICIT_RETAIN_SELF = YES;
				CLANG_WARN_OBJC_LITERAL_CONVERSION = YES;
				CLANG_WARN_OBJC_ROOT_CLASS = YES_ERROR;
				CLANG_WARN_QUOTED_INCLUDE_IN_FRAMEWORK_HEADER = YES;
				CLANG_WARN_RANGE_LOOP_ANALYSIS = YES;
				CLANG_WARN_STRICT_PROTOTYPES = YES;
				CLANG_WARN_SUSPICIOUS_MOVE = YES;
				CLANG_WARN_UNGUARDED_AVAILABILITY = YES_AGGRESSIVE;
				CLANG_WARN_UNREACHABLE_CODE = YES;
				CLANG_WARN__DUPLICATE_METHOD_MATCH = YES;
				COPY_PHASE_STRIP = NO;
				DEBUG_INFORMATION_FORMAT = dwarf;
				ENABLE_STRICT_OBJC_MSGSEND = YES;
				ENABLE_TESTABILITY = YES;
				GCC_C_LANGUAGE_STANDARD = gnu11;
				GCC_DYNAMIC_NO_PIC = NO;
				GCC_NO_COMMON_BLOCKS = YES;
				GCC_OPTIMIZATION_LEVEL = 0;
				GCC_PREPROCESSOR_DEFINITIONS = (
					"$(inherited)",
					"DEBUG=1",
				);
				GCC_WARN_64_TO_32_BIT_CONVERSION = YES;
				GCC_WARN_ABOUT_RETURN_TYPE = YES_ERROR;
				GCC_WARN_UNDECLARED_SELECTOR = YES;
				GCC_WARN_UNINITIALIZED_AUTOS = YES_AGGRESSIVE;
				GCC_WARN_UNUSED_FUNCTION = YES;
				GCC_WARN_UNUSED_VARIABLE = YES;
				MACOSX_DEPLOYMENT_TARGET = 15.0;
				MTL_ENABLE_DEBUG_INFO = INCLUDE_SOURCE;
				MTL_FAST_MATH = YES;
				ONLY_ACTIVE_ARCH = YES;
				PRODUCT_NAME = "$(TARGET_NAME)";
				SDKROOT = macosx;
				SWIFT_ACTIVE_COMPILATION_CONDITIONS = DEBUG;
				SWIFT_OPTIMIZATION_LEVEL = "-Onone";
				SWIFT_VERSION = 5.0;
			};
			name = Debug;
		};
		41B74554FB778A3E4281383E /* Debug */ = {
			isa = XCBuildConfiguration;
			buildSettings = {
				BUNDLE_LOADER = "$(TEST_HOST)";
				COMBINE_HIDPI_IMAGES = YES;
				GENERATE_INFOPLIST_FILE = YES;
				LD_RUNPATH_SEARCH_PATHS = (
					"$(inherited)",
					"@executable_path/../Frameworks",
					"@loader_path/../Frameworks",
				);
				PRODUCT_BUNDLE_IDENTIFIER = dev.tandem.app.Tests;
				SDKROOT = macosx;
				SWIFT_VERSION = 6.0;
				TEST_HOST = "$(BUILT_PRODUCTS_DIR)/TandemApp.app/Contents/MacOS/TandemApp";
			};
			name = Debug;
		};
		55AC91430F18BA8197502B45 /* Release */ = {
			isa = XCBuildConfiguration;
			buildSettings = {
				BUNDLE_LOADER = "$(TEST_HOST)";
				COMBINE_HIDPI_IMAGES = YES;
				GENERATE_INFOPLIST_FILE = YES;
				LD_RUNPATH_SEARCH_PATHS = (
					"$(inherited)",
					"@executable_path/Frameworks",
					"@loader_path/Frameworks",
				);
				PRODUCT_BUNDLE_IDENTIFIER = dev.tandem.app.UITests;
				SDKROOT = macosx;
				SWIFT_VERSION = 6.0;
				TEST_TARGET_NAME = TandemApp;
			};
			name = Release;
		};
		6197093B23E69FE732AFA0C0 /* Release */ = {
			isa = XCBuildConfiguration;
			buildSettings = {
				BUNDLE_LOADER = "$(TEST_HOST)";
				COMBINE_HIDPI_IMAGES = YES;
				GENERATE_INFOPLIST_FILE = YES;
				LD_RUNPATH_SEARCH_PATHS = (
					"$(inherited)",
					"@executable_path/../Frameworks",
					"@loader_path/../Frameworks",
				);
				PRODUCT_BUNDLE_IDENTIFIER = dev.tandem.app.Tests;
				SDKROOT = macosx;
				SWIFT_VERSION = 6.0;
				TEST_HOST = "$(BUILT_PRODUCTS_DIR)/TandemApp.app/Contents/MacOS/TandemApp";
			};
			name = Release;
		};
		8B7823A5CF9CF3AD2DA774F6 /* Release */ = {
			isa = XCBuildConfiguration;
			buildSettings = {
				CODE_SIGN_ENTITLEMENTS = TandemShare/TandemShare.entitlements;
				COMBINE_HIDPI_IMAGES = YES;
				INFOPLIST_FILE = TandemShare/Info.plist;
				LD_RUNPATH_SEARCH_PATHS = (
					"$(inherited)",
					"@executable_path/../Frameworks",
					"@executable_path/../../../../Frameworks",
				);
				PRODUCT_BUNDLE_IDENTIFIER = dev.tandem.app.Share;
				SDKROOT = macosx;
				SWIFT_VERSION = 6.0;
			};
			name = Release;
		};
		A454A9839BB568C697724F69 /* Release */ = {
			isa = XCBuildConfiguration;
			buildSettings = {
				ASSETCATALOG_COMPILER_APPICON_NAME = AppIcon;
				CODE_SIGN_ENTITLEMENTS = TandemApp/TandemApp.entitlements;
				COMBINE_HIDPI_IMAGES = YES;
				INFOPLIST_FILE = TandemApp/Info.plist;
				LD_RUNPATH_SEARCH_PATHS = (
					"$(inherited)",
					"@executable_path/../Frameworks",
				);
				PRODUCT_BUNDLE_IDENTIFIER = dev.tandem.app;
				SDKROOT = macosx;
				SWIFT_VERSION = 6.0;
			};
			name = Release;
		};
		AB22AE2B41D3A623ECFC6059 /* Debug */ = {
			isa = XCBuildConfiguration;
			buildSettings = {
				BUNDLE_LOADER = "$(TEST_HOST)";
				COMBINE_HIDPI_IMAGES = YES;
				GENERATE_INFOPLIST_FILE = YES;
				LD_RUNPATH_SEARCH_PATHS = (
					"$(inherited)",
					"@executable_path/Frameworks",
					"@loader_path/Frameworks",
				);
				PRODUCT_BUNDLE_IDENTIFIER = dev.tandem.app.UITests;
				SDKROOT = macosx;
				SWIFT_VERSION = 6.0;
				TEST_TARGET_NAME = TandemApp;
			};
			name = Debug;
		};
		C10DE3C99A01694D1D6B81EC /* Debug */ = {
			isa = XCBuildConfiguration;
			buildSettings = {
				CODE_SIGN_ENTITLEMENTS = TandemShare/TandemShare.entitlements;
				COMBINE_HIDPI_IMAGES = YES;
				INFOPLIST_FILE = TandemShare/Info.plist;
				LD_RUNPATH_SEARCH_PATHS = (
					"$(inherited)",
					"@executable_path/../Frameworks",
					"@executable_path/../../../../Frameworks",
				);
				PRODUCT_BUNDLE_IDENTIFIER = dev.tandem.app.Share;
				SDKROOT = macosx;
				SWIFT_VERSION = 6.0;
			};
			name = Debug;
		};
/* End XCBuildConfiguration section */

/* Begin XCConfigurationList section */
		43F5DB77CC59FF0186EF0268 /* Build configuration list for PBXNativeTarget "TandemShare" */ = {
			isa = XCConfigurationList;
			buildConfigurations = (
				C10DE3C99A01694D1D6B81EC /* Debug */,
				8B7823A5CF9CF3AD2DA774F6 /* Release */,
			);
			defaultConfigurationIsVisible = 0;
			defaultConfigurationName = Debug;
		};
		A54F9C4699D7BDB702F44ABD /* Build configuration list for PBXNativeTarget "TandemUITests" */ = {
			isa = XCConfigurationList;
			buildConfigurations = (
				AB22AE2B41D3A623ECFC6059 /* Debug */,
				55AC91430F18BA8197502B45 /* Release */,
			);
			defaultConfigurationIsVisible = 0;
			defaultConfigurationName = Debug;
		};
		A768536B4BC3573356B3E1E5 /* Build configuration list for PBXProject "Tandem" */ = {
			isa = XCConfigurationList;
			buildConfigurations = (
				2C3D55C22239E535255FB897 /* Debug */,
				0CF2B687895DB98B0E229CD7 /* Release */,
			);
			defaultConfigurationIsVisible = 0;
			defaultConfigurationName = Debug;
		};
		C94FAB219E15BE98561A01EE /* Build configuration list for PBXNativeTarget "TandemApp" */ = {
			isa = XCConfigurationList;
			buildConfigurations = (
				1F6AE557B87C19900876D355 /* Debug */,
				A454A9839BB568C697724F69 /* Release */,
			);
			defaultConfigurationIsVisible = 0;
			defaultConfigurationName = Debug;
		};
		FEA31CC30E71F445697274E1 /* Build configuration list for PBXNativeTarget "TandemAppTests" */ = {
			isa = XCConfigurationList;
			buildConfigurations = (
				41B74554FB778A3E4281383E /* Debug */,
				6197093B23E69FE732AFA0C0 /* Release */,
			);
			defaultConfigurationIsVisible = 0;
			defaultConfigurationName = Debug;
		};
/* End XCConfigurationList section */

/* Begin XCLocalSwiftPackageReference section */
		0218E04C3402C3090FADECBF /* XCLocalSwiftPackageReference "Packages/TandemCrypto" */ = {
			isa = XCLocalSwiftPackageReference;
			relativePath = Packages/TandemCrypto;
		};
		465E8D8E5336455AEFFF2E07 /* XCLocalSwiftPackageReference "Packages/TandemStore" */ = {
			isa = XCLocalSwiftPackageReference;
			relativePath = Packages/TandemStore;
		};
		7F7D28370B22FFA6B9153614 /* XCLocalSwiftPackageReference "Packages/TandemProtocol" */ = {
			isa = XCLocalSwiftPackageReference;
			relativePath = Packages/TandemProtocol;
		};
		DFEA52698D47E79167671FD7 /* XCLocalSwiftPackageReference "Packages/TandemPairing" */ = {
			isa = XCLocalSwiftPackageReference;
			relativePath = Packages/TandemPairing;
		};
		FE7626BCD2453DAC6B0044D3 /* XCLocalSwiftPackageReference "Packages/TandemTransport" */ = {
			isa = XCLocalSwiftPackageReference;
			relativePath = Packages/TandemTransport;
		};
/* End XCLocalSwiftPackageReference section */

/* Begin XCSwiftPackageProductDependency section */
		12FE37962CD7F002672F2964 /* TandemCrypto */ = {
			isa = XCSwiftPackageProductDependency;
			productName = TandemCrypto;
		};
		1988BC0B564CCF8C41148DCF /* TandemProtocol */ = {
			isa = XCSwiftPackageProductDependency;
			productName = TandemProtocol;
		};
		19FA760857066CAA11B0A7B3 /* TandemPairing */ = {
			isa = XCSwiftPackageProductDependency;
			productName = TandemPairing;
		};
		84D30D39F94B2E8AE9912DBD /* TandemStore */ = {
			isa = XCSwiftPackageProductDependency;
			productName = TandemStore;
		};
		9198B05ADBA40A7A02B76C74 /* TandemTransport */ = {
			isa = XCSwiftPackageProductDependency;
			productName = TandemTransport;
		};
		BE8F0E46D0DF41D3590CE07D /* TandemProtocol */ = {
			isa = XCSwiftPackageProductDependency;
			productName = TandemProtocol;
		};
/* End XCSwiftPackageProductDependency section */
	};
	rootObject = 65C5B6802EBC009E346053A9 /* Project object */;
}
