// !$*UTF8*$!
{
	archiveVersion = 1;
	classes = {
	};
	objectVersion = 77;
	objects = {

/* Begin PBXBuildFile section */
		A40100000000000000E40B02 /* FeatureFiles in Frameworks */ = {isa = PBXBuildFile; productRef = A40100000000000000E40B01 /* FeatureFiles */; };
		068B5A08BDA957503ED99CFA /* MainWindowViewModelTests.swift in Sources */ = {isa = PBXBuildFile; fileRef = B271E84F6097E2F3274655CB /* MainWindowViewModelTests.swift */; };
		0D4050F8BC2C75EC9EBA1801 /* HarnessNotificationLoopbackRegistry.swift in Sources */ = {isa = PBXBuildFile; fileRef = 55539ABBFBF0B3B58CAE8AFE /* HarnessNotificationLoopbackRegistry.swift */; };
		1319A4BA69B9DFF7EBD7928A /* SettingsComposition.swift in Sources */ = {isa = PBXBuildFile; fileRef = 122B73053B0DCA6693D01A4B /* SettingsComposition.swift */; };
		14EF338AF0A9A724A49FA149 /* ErrorBannerViewModel.swift in Sources */ = {isa = PBXBuildFile; fileRef = 7F102DE57AFD1F2418A30866 /* ErrorBannerViewModel.swift */; };
		16DD614E6C363E82F410BA94 /* QuickActionsViewModelTests.swift in Sources */ = {isa = PBXBuildFile; fileRef = 51740BEE97BBBB4FA138B987 /* QuickActionsViewModelTests.swift */; };
		181061876B4B9D392C41F0D3 /* LocalNetworkPermissionViewModelTests.swift in Sources */ = {isa = PBXBuildFile; fileRef = 2B9B2E23FF1A4091B5ED2B9E /* LocalNetworkPermissionViewModelTests.swift */; };
		193173BAE27FCCA74C46943B /* MenuBarViewModelTests.swift in Sources */ = {isa = PBXBuildFile; fileRef = 89549CE1AAB6CEDB9469135E /* MenuBarViewModelTests.swift */; };
		19EA664750CE895AA9E113B6 /* PairedDevicesCompositionTests.swift in Sources */ = {isa = PBXBuildFile; fileRef = 8B68E4FB6B008E666248596A /* PairedDevicesCompositionTests.swift */; };
		1ECA3F68880D7035C6D1CC11 /* KeychainStoreFactory.swift in Sources */ = {isa = PBXBuildFile; fileRef = 13609B5F6378DC80B23B7284 /* KeychainStoreFactory.swift */; };
		28A3FFB150F4336FC8BB6314 /* HarnessStatusRingCommands.swift in Sources */ = {isa = PBXBuildFile; fileRef = 54F11629C6DB3645B3227E0C /* HarnessStatusRingCommands.swift */; };
		290551DE0E84A694383AC976 /* ScenarioFailClosedErrorUITests.swift in Sources */ = {isa = PBXBuildFile; fileRef = 0DA41CFE62BC40C516122067 /* ScenarioFailClosedErrorUITests.swift */; };
		3220619F8129C9BE3A774DD9 /* TandemDesign in Frameworks */ = {isa = PBXBuildFile; productRef = 3DC26889FCB92D7B4111DCDC /* TandemDesign */; };
		34117C7BA25150F22D77D0DC /* LocalNetworkPermissionBannerView.swift in Sources */ = {isa = PBXBuildFile; fileRef = BB50C840776166869342E6D0 /* LocalNetworkPermissionBannerView.swift */; };
		37514F52E2CE1541F53D6B5F /* README.md in Resources */ = {isa = PBXBuildFile; fileRef = 5319BE92DEC9F94E1C83D1EC /* README.md */; };
		3A3D0508C5CF70D21E37460E /* QuickActionsViewModel.swift in Sources */ = {isa = PBXBuildFile; fileRef = 8BF20C4F3C47025C0506B8DD /* QuickActionsViewModel.swift */; };
		3CEE3ED42D968EA33509BDB2 /* DeviceStatusViewModelTests.swift in Sources */ = {isa = PBXBuildFile; fileRef = 08C1BE9907AF105E7D4476B1 /* DeviceStatusViewModelTests.swift */; };
		B1C2D3E4F5A60718293A4B5D /* HarnessHooks+PairingWindow.swift in Sources */ = {isa = PBXBuildFile; fileRef = A1B2C3D4E5F60718293A4B5C /* HarnessHooks+PairingWindow.swift */; };
		43FF9E088013FEC617B854E6 /* HarnessHooks+RotatingId.swift in Sources */ = {isa = PBXBuildFile; fileRef = C566FC1A2B8FFE40B822B811 /* HarnessHooks+RotatingId.swift */; };
		A60500B1C0DE4E60A0500001 /* HarnessHooks+MediaTickets.swift in Sources */ = {isa = PBXBuildFile; fileRef = A60500B1C0DE4E60A0500002 /* HarnessHooks+MediaTickets.swift */; };
		4CF15945A231CDA685E26206 /* LaunchAtLoginViewModel.swift in Sources */ = {isa = PBXBuildFile; fileRef = 0BD74961775D9359BBD2C9A6 /* LaunchAtLoginViewModel.swift */; };
		5298599E544DCDD0447D8A66 /* MainWindowScenarioSupport.swift in Sources */ = {isa = PBXBuildFile; fileRef = 81A7F690391BFD60D295D384 /* MainWindowScenarioSupport.swift */; };
		E41050400000000000000000 /* ScenarioPhotoGrid.swift in Sources */ = {isa = PBXBuildFile; fileRef = E41050500000000000000000 /* ScenarioPhotoGrid.swift */; };
		E50070100000000000000000 /* ScenarioThreadList.swift in Sources */ = {isa = PBXBuildFile; fileRef = E50070200000000000000000 /* ScenarioThreadList.swift */; };
		E50080100000000000000000 /* ScenarioConversation.swift in Sources */ = {isa = PBXBuildFile; fileRef = E50080200000000000000000 /* ScenarioConversation.swift */; };
		539567A339C850584891C604 /* MainWindowComposition.swift in Sources */ = {isa = PBXBuildFile; fileRef = 47C6E5F69C66780495EEA2D5 /* MainWindowComposition.swift */; };
		58DF92881178D8785F0A90CE /* TandemTransport in Frameworks */ = {isa = PBXBuildFile; productRef = 9198B05ADBA40A7A02B76C74 /* TandemTransport */; };
		5C59C085A4552AA68D1A7FA5 /* PushClipboardViewModelTests.swift in Sources */ = {isa = PBXBuildFile; fileRef = 778E700159443E8CF11E964F /* PushClipboardViewModelTests.swift */; };
		1FCAE6C8D1932BA1519D3056 /* ConnectionStateRelaySubscribersTests.swift in Sources */ = {isa = PBXBuildFile; fileRef = 039005ADC90C784691C57BD8 /* ConnectionStateRelaySubscribersTests.swift */; };
		15E50C31ED6572BB5938F933 /* VersionMismatchMenuTests.swift in Sources */ = {isa = PBXBuildFile; fileRef = CEC073769902231CF2CF95C3 /* VersionMismatchMenuTests.swift */; };
		5DF35AD6ECA5BA6F17993B84 /* ErrorBannerViewModelTests.swift in Sources */ = {isa = PBXBuildFile; fileRef = F1B18C5B6B167CD86E4E3118 /* ErrorBannerViewModelTests.swift */; };
		61D27ABFF02400431B506DA8 /* SettingsScenarioSupport.swift in Sources */ = {isa = PBXBuildFile; fileRef = D51777D80561FB3A57A4D240 /* SettingsScenarioSupport.swift */; };
		63DB6AB98B198819FE6F8023 /* AppComposition.swift in Sources */ = {isa = PBXBuildFile; fileRef = 082B4DAA23BC80E3A1AAB856 /* AppComposition.swift */; };
		65CD6C14FBBB2A64DFF59A32 /* MenuBarViewModel.swift in Sources */ = {isa = PBXBuildFile; fileRef = 1957CF1E6A317FC4E549D489 /* MenuBarViewModel.swift */; };
		6C59B7EAEB5B9F6642D7445F /* MainWindowView.swift in Sources */ = {isa = PBXBuildFile; fileRef = F21DA8871FF4E3B7134F74B2 /* MainWindowView.swift */; };
		714112267413EC5B90D96FFA /* TandemProtocol in Frameworks */ = {isa = PBXBuildFile; productRef = 1988BC0B564CCF8C41148DCF /* TandemProtocol */; };
		71DC765EBDD8D952366CA1A9 /* HarnessLatencyNotificationPresenter.swift in Sources */ = {isa = PBXBuildFile; fileRef = FBB1CB8D7ECBDC84F70D25BE /* HarnessLatencyNotificationPresenter.swift */; };
		725B0AE94A30C8D218739076 /* ScenarioPairedConnectedUITests.swift in Sources */ = {isa = PBXBuildFile; fileRef = ED50C79AF2314270FFA9A0F9 /* ScenarioPairedConnectedUITests.swift */; };
		73B62DA518FFEDCE79282EF0 /* README.md in Resources */ = {isa = PBXBuildFile; fileRef = 9CCF1B115421D313E1D549EA /* README.md */; };
		7F259215F6C471C8D3A7933C /* SettingsWindowUITests.swift in Sources */ = {isa = PBXBuildFile; fileRef = D0A6B0F2CF3EC275AEB91531 /* SettingsWindowUITests.swift */; };
		81161460331011F52C3D9494 /* TandemCrypto in Frameworks */ = {isa = PBXBuildFile; productRef = 12FE37962CD7F002672F2964 /* TandemCrypto */; };
		82ED20E7EEEBA196577DC038 /* LaunchAtLoginPreferenceStore.swift in Sources */ = {isa = PBXBuildFile; fileRef = 3EE4C364B9B8A30C20F7C8B6 /* LaunchAtLoginPreferenceStore.swift */; };
		8323362E16C87F0E1570D3A7 /* FeatureClipboard in Frameworks */ = {isa = PBXBuildFile; productRef = EECB08419E116CE4C7224F72 /* FeatureClipboard */; };
		A40100000000000000E40A02 /* FeatureFiles in Frameworks */ = {isa = PBXBuildFile; productRef = A40100000000000000E40A01 /* FeatureFiles */; };
		E50070000000000000000A02 /* FeatureMessaging in Frameworks */ = {isa = PBXBuildFile; productRef = E50070000000000000000A01 /* FeatureMessaging */; };
		E52060000000000000000001 /* FeatureCalls in Frameworks */ = {isa = PBXBuildFile; productRef = E52060000000000000000012 /* FeatureCalls */; };
		E72080000000000000000001 /* FeatureMedia in Frameworks */ = {isa = PBXBuildFile; productRef = E72080000000000000000012 /* FeatureMedia */; };
		E22130000000000000000001 /* NotificationAcceptPromptPresenter.swift in Sources */ = {isa = PBXBuildFile; fileRef = E22130000000000000000002 /* NotificationAcceptPromptPresenter.swift */; };
		E22130000000000000000005 /* NotificationReceivedFilePresenter.swift in Sources */ = {isa = PBXBuildFile; fileRef = E22130000000000000000006 /* NotificationReceivedFilePresenter.swift */; };
		E22130000000000000000003 /* CallsSessionService.swift in Sources */ = {isa = PBXBuildFile; fileRef = E22130000000000000000004 /* CallsSessionService.swift */; };
		E72080000000000000000006 /* NowPlayingSessionService.swift in Sources */ = {isa = PBXBuildFile; fileRef = E72080000000000000000007 /* NowPlayingSessionService.swift */; };
		E61120000000000000000001 /* FeatureMirror in Frameworks */ = {isa = PBXBuildFile; productRef = E61120000000000000000012 /* FeatureMirror */; };
		E72130000000000000000001 /* FeatureFocus in Frameworks */ = {isa = PBXBuildFile; productRef = E72130000000000000000012 /* FeatureFocus */; };
		E52060000000000000000002 /* NotificationCallAlertPresenter.swift in Sources */ = {isa = PBXBuildFile; fileRef = E52060000000000000000006 /* NotificationCallAlertPresenter.swift */; };
		E52060000000000000000003 /* CallHangUpView.swift in Sources */ = {isa = PBXBuildFile; fileRef = E52060000000000000000007 /* CallHangUpView.swift */; };
		E52100000000000000000001 /* ConversationCallHost.swift in Sources */ = {isa = PBXBuildFile; fileRef = E52100000000000000000002 /* ConversationCallHost.swift */; };
		E52060000000000000000004 /* ScenarioCallAlert.swift in Sources */ = {isa = PBXBuildFile; fileRef = E52060000000000000000008 /* ScenarioCallAlert.swift */; };
		E72080000000000000000004 /* ScenarioNowPlaying.swift in Sources */ = {isa = PBXBuildFile; fileRef = E72080000000000000000008 /* ScenarioNowPlaying.swift */; };
		E61120000000000000000004 /* ScenarioMirrorRequest.swift in Sources */ = {isa = PBXBuildFile; fileRef = E61120000000000000000005 /* ScenarioMirrorRequest.swift */; };
		E62120000000000000000001 /* MirrorComposition.swift in Sources */ = {isa = PBXBuildFile; fileRef = E62120000000000000000002 /* MirrorComposition.swift */; };
		E70160000000000000000001 /* MacRotationComposition.swift in Sources */ = {isa = PBXBuildFile; fileRef = E70160000000000000000002 /* MacRotationComposition.swift */; };
		E62120000000000000000003 /* MirrorWindowPresenter.swift in Sources */ = {isa = PBXBuildFile; fileRef = E62120000000000000000004 /* MirrorWindowPresenter.swift */; };
		E52060000000000000000005 /* CallAlertUITests.swift in Sources */ = {isa = PBXBuildFile; fileRef = E52060000000000000000009 /* CallAlertUITests.swift */; };
		E72080000000000000000005 /* NowPlayingUITests.swift in Sources */ = {isa = PBXBuildFile; fileRef = E72080000000000000000009 /* NowPlayingUITests.swift */; };
		E61120000000000000000002 /* MirrorQuickActionUITests.swift in Sources */ = {isa = PBXBuildFile; fileRef = E61120000000000000000003 /* MirrorQuickActionUITests.swift */; };
		838080FD0780F86B2A637C93 /* ManualTestClock.swift in Sources */ = {isa = PBXBuildFile; fileRef = 9CDC0B6E63738D6308D4CAE8 /* ManualTestClock.swift */; };
		E1516000000000000000B001 /* InMemoryConnectionPair.swift in Sources */ = {isa = PBXBuildFile; fileRef = E1516000000000000000F001 /* InMemoryConnectionPair.swift */; };
		85013880DBC8DEFC991538FB /* ScenarioLocalNetworkDeniedUITests.swift in Sources */ = {isa = PBXBuildFile; fileRef = 34C7140132E5BA1BA64E88FE /* ScenarioLocalNetworkDeniedUITests.swift */; };
		85AC58E2BE2BC6A252F0A390 /* MenuBarContentView.swift in Sources */ = {isa = PBXBuildFile; fileRef = 132ECF02E619377AEA48E71F /* MenuBarContentView.swift */; };
		86245BF6C0D90244E06B665D /* FindPhoneViewModel.swift in Sources */ = {isa = PBXBuildFile; fileRef = 630CC6383A12CABD2028F96B /* FindPhoneViewModel.swift */; };
		897C119CFD2F25B4DEE86FA2 /* FindPhoneViewModelTests.swift in Sources */ = {isa = PBXBuildFile; fileRef = 0FFC191545982C44F99E44FE /* FindPhoneViewModelTests.swift */; };
		9071F174A4AC6DBDF8575027 /* ScenarioPairedDisconnectedUITests.swift in Sources */ = {isa = PBXBuildFile; fileRef = EFE4F187257AE37E3EC7F0B2 /* ScenarioPairedDisconnectedUITests.swift */; };
		91C0F139DCD588C464955E6D /* ScenarioFailClosedErrorBannerUITests.swift in Sources */ = {isa = PBXBuildFile; fileRef = ABA5A6EBDCE65DCD4BF3A9E8 /* ScenarioFailClosedErrorBannerUITests.swift */; };
		9A2563DADF4B7EDD4C0B2628 /* QuickActionsView.swift in Sources */ = {isa = PBXBuildFile; fileRef = DF1A4DABE7F5BA206539775C /* QuickActionsView.swift */; };
		9E3ECFF08B9545FFD864C988 /* README.md in Resources */ = {isa = PBXBuildFile; fileRef = 9ED3304BEEFB2EF47223CBA6 /* README.md */; };
		9F6E0E166FCAA1BDD2EC41C7 /* TandemDevices in Frameworks */ = {isa = PBXBuildFile; productRef = 357221C8D301D0173582718D /* TandemDevices */; };
		9FA18BC54C2E9FA8D213803E /* TandemStore in Frameworks */ = {isa = PBXBuildFile; productRef = 84D30D39F94B2E8AE9912DBD /* TandemStore */; };
		A2CB7E5B958B0A9AAEF1C62E /* ShareViewController.swift in Sources */ = {isa = PBXBuildFile; fileRef = B9BBB93FC1774C3497E3FBEA /* ShareViewController.swift */; };
		A5950E11B9386615E2299905 /* ErrorBannerView.swift in Sources */ = {isa = PBXBuildFile; fileRef = 022AE066A2EDCD04CF453E6E /* ErrorBannerView.swift */; };
		A830DECCBBBD9C6678CA644E /* URLOpener.swift in Sources */ = {isa = PBXBuildFile; fileRef = 86769ADA9F9034205A270081 /* URLOpener.swift */; };
		AC56980B4A809ADB99F3C5FD /* HarnessRevokeAwareSessionRegistry.swift in Sources */ = {isa = PBXBuildFile; fileRef = 77B9A9204BF1FB958D85F2E2 /* HarnessRevokeAwareSessionRegistry.swift */; };
		B3760AE1F08525B8B5D46CFD /* ConnectionStateRelay.swift in Sources */ = {isa = PBXBuildFile; fileRef = D435B4FE1F54ED490B5FC079 /* ConnectionStateRelay.swift */; };
		BAFD4035ACF23ADA4DDF955B /* TandemPairing in Frameworks */ = {isa = PBXBuildFile; productRef = 19FA760857066CAA11B0A7B3 /* TandemPairing */; };
		BC7B187EE5AF3789F6775FFF /* README.md in Resources */ = {isa = PBXBuildFile; fileRef = 041CF567C3AFCE26290A0483 /* README.md */; };
		BD82E904F8A53F7D281986A1 /* SystemPowerEventsAndNetworkPathFakes.swift in Sources */ = {isa = PBXBuildFile; fileRef = 029BBCBDFB11952E00CCFA08 /* SystemPowerEventsAndNetworkPathFakes.swift */; };
		BE4ACE39CAE53BBE32C1A3A6 /* LocalNetworkPermissionViewModel.swift in Sources */ = {isa = PBXBuildFile; fileRef = 3932FFD187ADE277BE636353 /* LocalNetworkPermissionViewModel.swift */; };
		BFFEBE50064F4915AEB574DF /* LaunchAtLoginViewModelTests.swift in Sources */ = {isa = PBXBuildFile; fileRef = 03AF2C8EDB2AC227D3D2C1A6 /* LaunchAtLoginViewModelTests.swift */; };
		C146EF9761F74509F7037932 /* ScenarioView.swift in Sources */ = {isa = PBXBuildFile; fileRef = 9E31746CEC223BDFB9A1A5BA /* ScenarioView.swift */; };
		C3BD1237656CC812DF5F5687 /* ScenarioNotPairedUITests.swift in Sources */ = {isa = PBXBuildFile; fileRef = 046AE091B763685A22808409 /* ScenarioNotPairedUITests.swift */; };
		C6E8C919188E38AC00BD1581 /* TandemApp.swift in Sources */ = {isa = PBXBuildFile; fileRef = F317BEBC5BD82C36E6AE36C4 /* TandemApp.swift */; };
		C9550D15B505736B5A463BB2 /* FeatureNotifications in Frameworks */ = {isa = PBXBuildFile; productRef = A3BE2B086DAB311AFA67E1C3 /* FeatureNotifications */; };
		CA9576057FCC23494B150ED5 /* TandemProtocol in Frameworks */ = {isa = PBXBuildFile; productRef = BE8F0E46D0DF41D3590CE07D /* TandemProtocol */; };
		CB7B161ECCC149BF2700377B /* OpenTandemMenuButton.swift in Sources */ = {isa = PBXBuildFile; fileRef = 9142DE963CC6331F9BAE0251 /* OpenTandemMenuButton.swift */; };
		D0A8C41E00EA75198BDB8DA1 /* HarnessPeerRecordFixture.swift in Sources */ = {isa = PBXBuildFile; fileRef = 203AE56CB7FA35FB0146A6A1 /* HarnessPeerRecordFixture.swift */; };
		E05C58FC7E50230C0D8639F7 /* TandemShare.appex in Embed Foundation Extensions */ = {isa = PBXBuildFile; fileRef = A99C8E0FE674D8AF165C8E36 /* TandemShare.appex */; settings = {ATTRIBUTES = (CodeSignOnCopy, RemoveHeadersOnCopy, ); }; };
		E23561801197DAC9C7460B32 /* UnpairComposition.swift in Sources */ = {isa = PBXBuildFile; fileRef = 7CF66E68281898309742F036 /* UnpairComposition.swift */; };
		E6266FDBF47CC04D900C56BE /* HarnessHooks.swift in Sources */ = {isa = PBXBuildFile; fileRef = 5600AA250B6FE2ECF965468B /* HarnessHooks.swift */; };
		B1BB3BFE6AF2B3109E5CC66D /* MacPairingComposition.swift in Sources */ = {isa = PBXBuildFile; fileRef = 8AA8818BAA44F895C356A1C2 /* MacPairingComposition.swift */; };
		E71B1A14376E189459382BAA /* PushClipboardViewModel.swift in Sources */ = {isa = PBXBuildFile; fileRef = 4FA90D5D246758202FBAD3CA /* PushClipboardViewModel.swift */; };
		EABFA9CEAD6AF0FAF17F0706 /* UITestScenario.swift in Sources */ = {isa = PBXBuildFile; fileRef = A5E30F71572BF267AF52CCFE /* UITestScenario.swift */; };
		ECB976068D53A2C8A426A721 /* MainWindowUITests.swift in Sources */ = {isa = PBXBuildFile; fileRef = 928A0A048645C8946F50E0EF /* MainWindowUITests.swift */; };
		E41050600000000000000000 /* PhotoGridUITests.swift in Sources */ = {isa = PBXBuildFile; fileRef = E41050700000000000000000 /* PhotoGridUITests.swift */; };
		E40230300000000000000000 /* TransferProgressUITests.swift in Sources */ = {isa = PBXBuildFile; fileRef = E40230400000000000000000 /* TransferProgressUITests.swift */; };
		E50070300000000000000000 /* ThreadListUITests.swift in Sources */ = {isa = PBXBuildFile; fileRef = E50070400000000000000000 /* ThreadListUITests.swift */; };
		E50080300000000000000000 /* ConversationUITests.swift in Sources */ = {isa = PBXBuildFile; fileRef = E50080400000000000000000 /* ConversationUITests.swift */; };
		E31FB1CB0E45F1B30D6718B7 /* ScenarioVersionMismatchMenuUITests.swift in Sources */ = {isa = PBXBuildFile; fileRef = AE2CD51E2842F42B5D271C17 /* ScenarioVersionMismatchMenuUITests.swift */; };
		F28D5C6ECE889FE54A43092F /* MainWindowViewModel.swift in Sources */ = {isa = PBXBuildFile; fileRef = 07266D9E12377E5002B73F90 /* MainWindowViewModel.swift */; };
		F2BA917BADEB1A667CEFBFC4 /* DeviceStatusViewModel.swift in Sources */ = {isa = PBXBuildFile; fileRef = 2D8961FE840E68467F107CF9 /* DeviceStatusViewModel.swift */; };
		F66E40871791C2532B715C5C /* ErrorPresenterTests.swift in Sources */ = {isa = PBXBuildFile; fileRef = 914DF049130A763AC77ED363 /* ErrorPresenterTests.swift */; };
		F9688097D3E090DD745B8855 /* LoginItemService.swift in Sources */ = {isa = PBXBuildFile; fileRef = B585178A98786DB4AB6D5375 /* LoginItemService.swift */; };
		F9E0416499FC95D142722EF3 /* SettingsView.swift in Sources */ = {isa = PBXBuildFile; fileRef = 6E5E9400B6C02CECEDC03084 /* SettingsView.swift */; };
		E22120000000000000000002 /* SessionFeatureComposition.swift in Sources */ = {isa = PBXBuildFile; fileRef = E22120000000000000000006 /* SessionFeatureComposition.swift */; };
/* End PBXBuildFile section */

/* Begin PBXContainerItemProxy section */
		0BEB5AA17C66FEEC4A3562E7 /* PBXContainerItemProxy */ = {
			isa = PBXContainerItemProxy;
			containerPortal = 65C5B6802EBC009E346053A9 /* Project object */;
			proxyType = 1;
			remoteGlobalIDString = 04ABC6CCB7A3CFDAB37494F5;
			remoteInfo = TandemShare;
		};
		2CADE7EC73EABC2F6FEF7859 /* PBXContainerItemProxy */ = {
			isa = PBXContainerItemProxy;
			containerPortal = 65C5B6802EBC009E346053A9 /* Project object */;
			proxyType = 1;
			remoteGlobalIDString = 420AE8114A5DC308D38B542C;
			remoteInfo = TandemApp;
		};
		A09F09F2F9BA4BC2DF0BC2A4 /* PBXContainerItemProxy */ = {
			isa = PBXContainerItemProxy;
			containerPortal = 65C5B6802EBC009E346053A9 /* Project object */;
			proxyType = 1;
			remoteGlobalIDString = 420AE8114A5DC308D38B542C;
			remoteInfo = TandemApp;
		};
/* End PBXContainerItemProxy section */

/* Begin PBXCopyFilesBuildPhase section */
		433EE791D885AE4A2DDBCBCD /* Embed Foundation Extensions */ = {
			isa = PBXCopyFilesBuildPhase;
			buildActionMask = 2147483647;
			dstPath = "";
			dstSubfolderSpec = 13;
			files = (
				E05C58FC7E50230C0D8639F7 /* TandemShare.appex in Embed Foundation Extensions */,
			);
			name = "Embed Foundation Extensions";
			runOnlyForDeploymentPostprocessing = 0;
		};
/* End PBXCopyFilesBuildPhase section */

/* Begin PBXFileReference section */
		022AE066A2EDCD04CF453E6E /* ErrorBannerView.swift */ = {isa = PBXFileReference; lastKnownFileType = sourcecode.swift; path = ErrorBannerView.swift; sourceTree = "<group>"; };
		029BBCBDFB11952E00CCFA08 /* SystemPowerEventsAndNetworkPathFakes.swift */ = {isa = PBXFileReference; lastKnownFileType = sourcecode.swift; name = SystemPowerEventsAndNetworkPathFakes.swift; path = ../Packages/TandemTestSupport/Sources/TandemTestSupport/SystemPowerEventsAndNetworkPathFakes.swift; sourceTree = "<group>"; };
		03AF2C8EDB2AC227D3D2C1A6 /* LaunchAtLoginViewModelTests.swift */ = {isa = PBXFileReference; lastKnownFileType = sourcecode.swift; path = LaunchAtLoginViewModelTests.swift; sourceTree = "<group>"; };
		041CF567C3AFCE26290A0483 /* README.md */ = {isa = PBXFileReference; lastKnownFileType = net.daringfireball.markdown; path = README.md; sourceTree = "<group>"; };
		046AE091B763685A22808409 /* ScenarioNotPairedUITests.swift */ = {isa = PBXFileReference; lastKnownFileType = sourcecode.swift; path = ScenarioNotPairedUITests.swift; sourceTree = "<group>"; };
		07266D9E12377E5002B73F90 /* MainWindowViewModel.swift */ = {isa = PBXFileReference; includeInIndex = 1; lastKnownFileType = sourcecode.swift; path = MainWindowViewModel.swift; sourceTree = "<group>"; };
		082B4DAA23BC80E3A1AAB856 /* AppComposition.swift */ = {isa = PBXFileReference; lastKnownFileType = sourcecode.swift; path = AppComposition.swift; sourceTree = "<group>"; };
		08C1BE9907AF105E7D4476B1 /* DeviceStatusViewModelTests.swift */ = {isa = PBXFileReference; lastKnownFileType = sourcecode.swift; path = DeviceStatusViewModelTests.swift; sourceTree = "<group>"; };
		0B3F7B2EC531ADC48A39DEFD /* TandemDevices */ = {isa = PBXFileReference; lastKnownFileType = folder; name = TandemDevices; path = Packages/TandemDevices; sourceTree = SOURCE_ROOT; };
		0BD74961775D9359BBD2C9A6 /* LaunchAtLoginViewModel.swift */ = {isa = PBXFileReference; lastKnownFileType = sourcecode.swift; path = LaunchAtLoginViewModel.swift; sourceTree = "<group>"; };
		0DA41CFE62BC40C516122067 /* ScenarioFailClosedErrorUITests.swift */ = {isa = PBXFileReference; lastKnownFileType = sourcecode.swift; path = ScenarioFailClosedErrorUITests.swift; sourceTree = "<group>"; };
		0FFC191545982C44F99E44FE /* FindPhoneViewModelTests.swift */ = {isa = PBXFileReference; lastKnownFileType = sourcecode.swift; path = FindPhoneViewModelTests.swift; sourceTree = "<group>"; };
		122B73053B0DCA6693D01A4B /* SettingsComposition.swift */ = {isa = PBXFileReference; lastKnownFileType = sourcecode.swift; path = SettingsComposition.swift; sourceTree = "<group>"; };
		132ECF02E619377AEA48E71F /* MenuBarContentView.swift */ = {isa = PBXFileReference; lastKnownFileType = sourcecode.swift; path = MenuBarContentView.swift; sourceTree = "<group>"; };
		13609B5F6378DC80B23B7284 /* KeychainStoreFactory.swift */ = {isa = PBXFileReference; lastKnownFileType = sourcecode.swift; path = KeychainStoreFactory.swift; sourceTree = "<group>"; };
		1957CF1E6A317FC4E549D489 /* MenuBarViewModel.swift */ = {isa = PBXFileReference; lastKnownFileType = sourcecode.swift; path = MenuBarViewModel.swift; sourceTree = "<group>"; };
		1ADF46FA55FCA2970CBE9E9B /* Info.plist */ = {isa = PBXFileReference; lastKnownFileType = text.plist; path = Info.plist; sourceTree = "<group>"; };
		203AE56CB7FA35FB0146A6A1 /* HarnessPeerRecordFixture.swift */ = {isa = PBXFileReference; lastKnownFileType = sourcecode.swift; path = HarnessPeerRecordFixture.swift; sourceTree = "<group>"; };
		22B90C5D6D56E3A0E60531E0 /* TandemPairing */ = {isa = PBXFileReference; lastKnownFileType = folder; name = TandemPairing; path = Packages/TandemPairing; sourceTree = SOURCE_ROOT; };
		2B9B2E23FF1A4091B5ED2B9E /* LocalNetworkPermissionViewModelTests.swift */ = {isa = PBXFileReference; lastKnownFileType = sourcecode.swift; path = LocalNetworkPermissionViewModelTests.swift; sourceTree = "<group>"; };
		2D8961FE840E68467F107CF9 /* DeviceStatusViewModel.swift */ = {isa = PBXFileReference; lastKnownFileType = sourcecode.swift; path = DeviceStatusViewModel.swift; sourceTree = "<group>"; };
		32CDA13C3DF0DEB4E7DCD12B /* Info.plist */ = {isa = PBXFileReference; lastKnownFileType = text.plist; path = Info.plist; sourceTree = "<group>"; };
		34C7140132E5BA1BA64E88FE /* ScenarioLocalNetworkDeniedUITests.swift */ = {isa = PBXFileReference; lastKnownFileType = sourcecode.swift; path = ScenarioLocalNetworkDeniedUITests.swift; sourceTree = "<group>"; };
		36ABA4431BCAC85E00C4C62F /* TandemUITests.xctest */ = {isa = PBXFileReference; explicitFileType = wrapper.cfbundle; includeInIndex = 0; path = TandemUITests.xctest; sourceTree = BUILT_PRODUCTS_DIR; };
		3932FFD187ADE277BE636353 /* LocalNetworkPermissionViewModel.swift */ = {isa = PBXFileReference; lastKnownFileType = sourcecode.swift; path = LocalNetworkPermissionViewModel.swift; sourceTree = "<group>"; };
		39581A17C108C4B4F78C2DD1 /* TandemTransport */ = {isa = PBXFileReference; lastKnownFileType = folder; name = TandemTransport; path = Packages/TandemTransport; sourceTree = SOURCE_ROOT; };
		3EE4C364B9B8A30C20F7C8B6 /* LaunchAtLoginPreferenceStore.swift */ = {isa = PBXFileReference; lastKnownFileType = sourcecode.swift; path = LaunchAtLoginPreferenceStore.swift; sourceTree = "<group>"; };
		42DC6A25C8E86E1680563D5D /* TandemAppTests.xctest */ = {isa = PBXFileReference; explicitFileType = wrapper.cfbundle; includeInIndex = 0; path = TandemAppTests.xctest; sourceTree = BUILT_PRODUCTS_DIR; };
		47C6E5F69C66780495EEA2D5 /* MainWindowComposition.swift */ = {isa = PBXFileReference; includeInIndex = 1; lastKnownFileType = sourcecode.swift; path = MainWindowComposition.swift; sourceTree = "<group>"; };
		4FA90D5D246758202FBAD3CA /* PushClipboardViewModel.swift */ = {isa = PBXFileReference; includeInIndex = 1; lastKnownFileType = sourcecode.swift; path = PushClipboardViewModel.swift; sourceTree = "<group>"; };
		51740BEE97BBBB4FA138B987 /* QuickActionsViewModelTests.swift */ = {isa = PBXFileReference; lastKnownFileType = sourcecode.swift; path = QuickActionsViewModelTests.swift; sourceTree = "<group>"; };
		5319BE92DEC9F94E1C83D1EC /* README.md */ = {isa = PBXFileReference; lastKnownFileType = net.daringfireball.markdown; path = README.md; sourceTree = "<group>"; };
		54F11629C6DB3645B3227E0C /* HarnessStatusRingCommands.swift */ = {isa = PBXFileReference; lastKnownFileType = sourcecode.swift; path = HarnessStatusRingCommands.swift; sourceTree = "<group>"; };
		55539ABBFBF0B3B58CAE8AFE /* HarnessNotificationLoopbackRegistry.swift */ = {isa = PBXFileReference; includeInIndex = 1; lastKnownFileType = sourcecode.swift; path = HarnessNotificationLoopbackRegistry.swift; sourceTree = "<group>"; };
		8AA8818BAA44F895C356A1C2 /* MacPairingComposition.swift */ = {isa = PBXFileReference; lastKnownFileType = sourcecode.swift; path = MacPairingComposition.swift; sourceTree = "<group>"; };
		5600AA250B6FE2ECF965468B /* HarnessHooks.swift */ = {isa = PBXFileReference; lastKnownFileType = sourcecode.swift; path = HarnessHooks.swift; sourceTree = "<group>"; };
		630CC6383A12CABD2028F96B /* FindPhoneViewModel.swift */ = {isa = PBXFileReference; lastKnownFileType = sourcecode.swift; path = FindPhoneViewModel.swift; sourceTree = "<group>"; };
		6E5E9400B6C02CECEDC03084 /* SettingsView.swift */ = {isa = PBXFileReference; lastKnownFileType = sourcecode.swift; path = SettingsView.swift; sourceTree = "<group>"; };
		6ED2665CA312B3675E91769A /* FeatureClipboard */ = {isa = PBXFileReference; includeInIndex = 1; name = FeatureClipboard; path = Packages/FeatureClipboard; sourceTree = SOURCE_ROOT; };
		A40100000000000000E40A03 /* FeatureFiles */ = {isa = PBXFileReference; includeInIndex = 1; name = FeatureFiles; path = Packages/FeatureFiles; sourceTree = SOURCE_ROOT; };
		E50070000000000000000A03 /* FeatureMessaging */ = {isa = PBXFileReference; includeInIndex = 1; name = FeatureMessaging; path = Packages/FeatureMessaging; sourceTree = SOURCE_ROOT; };
		E52060000000000000000010 /* FeatureCalls */ = {isa = PBXFileReference; includeInIndex = 1; name = FeatureCalls; path = Packages/FeatureCalls; sourceTree = SOURCE_ROOT; };
		E72080000000000000000010 /* FeatureMedia */ = {isa = PBXFileReference; includeInIndex = 1; name = FeatureMedia; path = Packages/FeatureMedia; sourceTree = SOURCE_ROOT; };
		E22130000000000000000002 /* NotificationAcceptPromptPresenter.swift */ = {isa = PBXFileReference; includeInIndex = 1; lastKnownFileType = sourcecode.swift; path = NotificationAcceptPromptPresenter.swift; sourceTree = "<group>"; };
		E22130000000000000000006 /* NotificationReceivedFilePresenter.swift */ = {isa = PBXFileReference; includeInIndex = 1; lastKnownFileType = sourcecode.swift; path = NotificationReceivedFilePresenter.swift; sourceTree = "<group>"; };
		E22130000000000000000004 /* CallsSessionService.swift */ = {isa = PBXFileReference; includeInIndex = 1; lastKnownFileType = sourcecode.swift; path = CallsSessionService.swift; sourceTree = "<group>"; };
		E72080000000000000000007 /* NowPlayingSessionService.swift */ = {isa = PBXFileReference; includeInIndex = 1; lastKnownFileType = sourcecode.swift; path = NowPlayingSessionService.swift; sourceTree = "<group>"; };
		E61120000000000000000010 /* FeatureMirror */ = {isa = PBXFileReference; includeInIndex = 1; name = FeatureMirror; path = Packages/FeatureMirror; sourceTree = SOURCE_ROOT; };
		E72130000000000000000010 /* FeatureFocus */ = {isa = PBXFileReference; includeInIndex = 1; name = FeatureFocus; path = Packages/FeatureFocus; sourceTree = SOURCE_ROOT; };
		E52060000000000000000006 /* NotificationCallAlertPresenter.swift */ = {isa = PBXFileReference; includeInIndex = 1; lastKnownFileType = sourcecode.swift; path = NotificationCallAlertPresenter.swift; sourceTree = "<group>"; };
		E52060000000000000000007 /* CallHangUpView.swift */ = {isa = PBXFileReference; includeInIndex = 1; lastKnownFileType = sourcecode.swift; path = CallHangUpView.swift; sourceTree = "<group>"; };
		E52100000000000000000002 /* ConversationCallHost.swift */ = {isa = PBXFileReference; includeInIndex = 1; lastKnownFileType = sourcecode.swift; path = ConversationCallHost.swift; sourceTree = "<group>"; };
		E52060000000000000000008 /* ScenarioCallAlert.swift */ = {isa = PBXFileReference; includeInIndex = 1; lastKnownFileType = sourcecode.swift; path = ScenarioCallAlert.swift; sourceTree = "<group>"; };
		E72080000000000000000008 /* ScenarioNowPlaying.swift */ = {isa = PBXFileReference; includeInIndex = 1; lastKnownFileType = sourcecode.swift; path = ScenarioNowPlaying.swift; sourceTree = "<group>"; };
		E61120000000000000000005 /* ScenarioMirrorRequest.swift */ = {isa = PBXFileReference; includeInIndex = 1; lastKnownFileType = sourcecode.swift; path = ScenarioMirrorRequest.swift; sourceTree = "<group>"; };
		E62120000000000000000002 /* MirrorComposition.swift */ = {isa = PBXFileReference; includeInIndex = 1; lastKnownFileType = sourcecode.swift; path = MirrorComposition.swift; sourceTree = "<group>"; };
		E70160000000000000000002 /* MacRotationComposition.swift */ = {isa = PBXFileReference; includeInIndex = 1; lastKnownFileType = sourcecode.swift; path = MacRotationComposition.swift; sourceTree = "<group>"; };
		E62120000000000000000004 /* MirrorWindowPresenter.swift */ = {isa = PBXFileReference; includeInIndex = 1; lastKnownFileType = sourcecode.swift; path = MirrorWindowPresenter.swift; sourceTree = "<group>"; };
		E52060000000000000000009 /* CallAlertUITests.swift */ = {isa = PBXFileReference; includeInIndex = 1; lastKnownFileType = sourcecode.swift; path = CallAlertUITests.swift; sourceTree = "<group>"; };
		E72080000000000000000009 /* NowPlayingUITests.swift */ = {isa = PBXFileReference; includeInIndex = 1; lastKnownFileType = sourcecode.swift; path = NowPlayingUITests.swift; sourceTree = "<group>"; };
		E61120000000000000000003 /* MirrorQuickActionUITests.swift */ = {isa = PBXFileReference; includeInIndex = 1; lastKnownFileType = sourcecode.swift; path = MirrorQuickActionUITests.swift; sourceTree = "<group>"; };
		7138E67ACC4C2A670AA358E4 /* FeatureNotifications */ = {isa = PBXFileReference; includeInIndex = 1; name = FeatureNotifications; path = Packages/FeatureNotifications; sourceTree = SOURCE_ROOT; };
		778E700159443E8CF11E964F /* PushClipboardViewModelTests.swift */ = {isa = PBXFileReference; includeInIndex = 1; lastKnownFileType = sourcecode.swift; path = PushClipboardViewModelTests.swift; sourceTree = "<group>"; };
		039005ADC90C784691C57BD8 /* ConnectionStateRelaySubscribersTests.swift */ = {isa = PBXFileReference; includeInIndex = 1; lastKnownFileType = sourcecode.swift; path = ConnectionStateRelaySubscribersTests.swift; sourceTree = "<group>"; };
		CEC073769902231CF2CF95C3 /* VersionMismatchMenuTests.swift */ = {isa = PBXFileReference; includeInIndex = 1; lastKnownFileType = sourcecode.swift; path = VersionMismatchMenuTests.swift; sourceTree = "<group>"; };
		77B9A9204BF1FB958D85F2E2 /* HarnessRevokeAwareSessionRegistry.swift */ = {isa = PBXFileReference; lastKnownFileType = sourcecode.swift; path = HarnessRevokeAwareSessionRegistry.swift; sourceTree = "<group>"; };
		7CF66E68281898309742F036 /* UnpairComposition.swift */ = {isa = PBXFileReference; lastKnownFileType = sourcecode.swift; path = UnpairComposition.swift; sourceTree = "<group>"; };
		7CFD7E342E310F4350077F8D /* TandemDesign */ = {isa = PBXFileReference; includeInIndex = 1; name = TandemDesign; path = Packages/TandemDesign; sourceTree = SOURCE_ROOT; };
		7F102DE57AFD1F2418A30866 /* ErrorBannerViewModel.swift */ = {isa = PBXFileReference; lastKnownFileType = sourcecode.swift; path = ErrorBannerViewModel.swift; sourceTree = "<group>"; };
		81A7F690391BFD60D295D384 /* MainWindowScenarioSupport.swift */ = {isa = PBXFileReference; includeInIndex = 1; lastKnownFileType = sourcecode.swift; path = MainWindowScenarioSupport.swift; sourceTree = "<group>"; };
		E41050500000000000000000 /* ScenarioPhotoGrid.swift */ = {isa = PBXFileReference; includeInIndex = 1; lastKnownFileType = sourcecode.swift; path = ScenarioPhotoGrid.swift; sourceTree = "<group>"; };
		E50070200000000000000000 /* ScenarioThreadList.swift */ = {isa = PBXFileReference; includeInIndex = 1; lastKnownFileType = sourcecode.swift; path = ScenarioThreadList.swift; sourceTree = "<group>"; };
		E50080200000000000000000 /* ScenarioConversation.swift */ = {isa = PBXFileReference; includeInIndex = 1; lastKnownFileType = sourcecode.swift; path = ScenarioConversation.swift; sourceTree = "<group>"; };
		86769ADA9F9034205A270081 /* URLOpener.swift */ = {isa = PBXFileReference; lastKnownFileType = sourcecode.swift; path = URLOpener.swift; sourceTree = "<group>"; };
		89549CE1AAB6CEDB9469135E /* MenuBarViewModelTests.swift */ = {isa = PBXFileReference; lastKnownFileType = sourcecode.swift; path = MenuBarViewModelTests.swift; sourceTree = "<group>"; };
		8A44A1216CFE5055E0699868 /* TandemApp.entitlements */ = {isa = PBXFileReference; lastKnownFileType = text.plist.entitlements; path = TandemApp.entitlements; sourceTree = "<group>"; };
		8B68E4FB6B008E666248596A /* PairedDevicesCompositionTests.swift */ = {isa = PBXFileReference; lastKnownFileType = sourcecode.swift; path = PairedDevicesCompositionTests.swift; sourceTree = "<group>"; };
		8BF20C4F3C47025C0506B8DD /* QuickActionsViewModel.swift */ = {isa = PBXFileReference; lastKnownFileType = sourcecode.swift; path = QuickActionsViewModel.swift; sourceTree = "<group>"; };
		9142DE963CC6331F9BAE0251 /* OpenTandemMenuButton.swift */ = {isa = PBXFileReference; includeInIndex = 1; lastKnownFileType = sourcecode.swift; path = OpenTandemMenuButton.swift; sourceTree = "<group>"; };
		914DF049130A763AC77ED363 /* ErrorPresenterTests.swift */ = {isa = PBXFileReference; lastKnownFileType = sourcecode.swift; path = ErrorPresenterTests.swift; sourceTree = "<group>"; };
		928A0A048645C8946F50E0EF /* MainWindowUITests.swift */ = {isa = PBXFileReference; includeInIndex = 1; lastKnownFileType = sourcecode.swift; path = MainWindowUITests.swift; sourceTree = "<group>"; };
		E41050700000000000000000 /* PhotoGridUITests.swift */ = {isa = PBXFileReference; includeInIndex = 1; lastKnownFileType = sourcecode.swift; path = PhotoGridUITests.swift; sourceTree = "<group>"; };
		E40230400000000000000000 /* TransferProgressUITests.swift */ = {isa = PBXFileReference; includeInIndex = 1; lastKnownFileType = sourcecode.swift; path = TransferProgressUITests.swift; sourceTree = "<group>"; };
		E50070400000000000000000 /* ThreadListUITests.swift */ = {isa = PBXFileReference; includeInIndex = 1; lastKnownFileType = sourcecode.swift; path = ThreadListUITests.swift; sourceTree = "<group>"; };
		E50080400000000000000000 /* ConversationUITests.swift */ = {isa = PBXFileReference; includeInIndex = 1; lastKnownFileType = sourcecode.swift; path = ConversationUITests.swift; sourceTree = "<group>"; };
		AE2CD51E2842F42B5D271C17 /* ScenarioVersionMismatchMenuUITests.swift */ = {isa = PBXFileReference; includeInIndex = 1; lastKnownFileType = sourcecode.swift; path = ScenarioVersionMismatchMenuUITests.swift; sourceTree = "<group>"; };
		9CB0190769744BA6B44C66E6 /* TandemShare.entitlements */ = {isa = PBXFileReference; lastKnownFileType = text.plist.entitlements; path = TandemShare.entitlements; sourceTree = "<group>"; };
		9CCF1B115421D313E1D549EA /* README.md */ = {isa = PBXFileReference; lastKnownFileType = net.daringfireball.markdown; path = README.md; sourceTree = "<group>"; };
		9CDC0B6E63738D6308D4CAE8 /* ManualTestClock.swift */ = {isa = PBXFileReference; lastKnownFileType = sourcecode.swift; name = ManualTestClock.swift; path = ../Packages/TandemTestSupport/Sources/TandemTestSupport/ManualTestClock.swift; sourceTree = "<group>"; };
		E1516000000000000000F001 /* InMemoryConnectionPair.swift */ = {isa = PBXFileReference; lastKnownFileType = sourcecode.swift; name = InMemoryConnectionPair.swift; path = ../Packages/TandemTestSupport/Sources/TandemTestSupport/InMemoryConnectionPair.swift; sourceTree = "<group>"; };
		9E31746CEC223BDFB9A1A5BA /* ScenarioView.swift */ = {isa = PBXFileReference; includeInIndex = 1; lastKnownFileType = sourcecode.swift; path = ScenarioView.swift; sourceTree = "<group>"; };
		9ED3304BEEFB2EF47223CBA6 /* README.md */ = {isa = PBXFileReference; lastKnownFileType = net.daringfireball.markdown; path = README.md; sourceTree = "<group>"; };
		A5E30F71572BF267AF52CCFE /* UITestScenario.swift */ = {isa = PBXFileReference; lastKnownFileType = sourcecode.swift; path = UITestScenario.swift; sourceTree = "<group>"; };
		A98336DD4416DB2CBF0ED481 /* TandemCrypto */ = {isa = PBXFileReference; lastKnownFileType = folder; name = TandemCrypto; path = Packages/TandemCrypto; sourceTree = SOURCE_ROOT; };
		A99C8E0FE674D8AF165C8E36 /* TandemShare.appex */ = {isa = PBXFileReference; explicitFileType = "wrapper.app-extension"; includeInIndex = 0; path = TandemShare.appex; sourceTree = BUILT_PRODUCTS_DIR; };
		ABA5A6EBDCE65DCD4BF3A9E8 /* ScenarioFailClosedErrorBannerUITests.swift */ = {isa = PBXFileReference; lastKnownFileType = sourcecode.swift; path = ScenarioFailClosedErrorBannerUITests.swift; sourceTree = "<group>"; };
		B271E84F6097E2F3274655CB /* MainWindowViewModelTests.swift */ = {isa = PBXFileReference; includeInIndex = 1; lastKnownFileType = sourcecode.swift; path = MainWindowViewModelTests.swift; sourceTree = "<group>"; };
		B585178A98786DB4AB6D5375 /* LoginItemService.swift */ = {isa = PBXFileReference; lastKnownFileType = sourcecode.swift; path = LoginItemService.swift; sourceTree = "<group>"; };
		B9BBB93FC1774C3497E3FBEA /* ShareViewController.swift */ = {isa = PBXFileReference; lastKnownFileType = sourcecode.swift; path = ShareViewController.swift; sourceTree = "<group>"; };
		BB50C840776166869342E6D0 /* LocalNetworkPermissionBannerView.swift */ = {isa = PBXFileReference; lastKnownFileType = sourcecode.swift; path = LocalNetworkPermissionBannerView.swift; sourceTree = "<group>"; };
		A1B2C3D4E5F60718293A4B5C /* HarnessHooks+PairingWindow.swift */ = {isa = PBXFileReference; lastKnownFileType = sourcecode.swift; path = "HarnessHooks+PairingWindow.swift"; sourceTree = "<group>"; };
		C566FC1A2B8FFE40B822B811 /* HarnessHooks+RotatingId.swift */ = {isa = PBXFileReference; lastKnownFileType = sourcecode.swift; path = "HarnessHooks+RotatingId.swift"; sourceTree = "<group>"; };
		A60500B1C0DE4E60A0500002 /* HarnessHooks+MediaTickets.swift */ = {isa = PBXFileReference; lastKnownFileType = sourcecode.swift; path = "HarnessHooks+MediaTickets.swift"; sourceTree = "<group>"; };
		D0A6B0F2CF3EC275AEB91531 /* SettingsWindowUITests.swift */ = {isa = PBXFileReference; lastKnownFileType = sourcecode.swift; path = SettingsWindowUITests.swift; sourceTree = "<group>"; };
		D435B4FE1F54ED490B5FC079 /* ConnectionStateRelay.swift */ = {isa = PBXFileReference; includeInIndex = 1; lastKnownFileType = sourcecode.swift; path = ConnectionStateRelay.swift; sourceTree = "<group>"; };
		D4D890067B09F0862A11DF58 /* TandemProtocol */ = {isa = PBXFileReference; lastKnownFileType = folder; name = TandemProtocol; path = Packages/TandemProtocol; sourceTree = SOURCE_ROOT; };
		D51777D80561FB3A57A4D240 /* SettingsScenarioSupport.swift */ = {isa = PBXFileReference; lastKnownFileType = sourcecode.swift; path = SettingsScenarioSupport.swift; sourceTree = "<group>"; };
		DA99F72F15344D7755773094 /* TandemApp.app */ = {isa = PBXFileReference; explicitFileType = wrapper.application; includeInIndex = 0; path = TandemApp.app; sourceTree = BUILT_PRODUCTS_DIR; };
		DF1A4DABE7F5BA206539775C /* QuickActionsView.swift */ = {isa = PBXFileReference; lastKnownFileType = sourcecode.swift; path = QuickActionsView.swift; sourceTree = "<group>"; };
		EC03814D9752C7029BBEB1C2 /* TandemStore */ = {isa = PBXFileReference; lastKnownFileType = folder; name = TandemStore; path = Packages/TandemStore; sourceTree = SOURCE_ROOT; };
		ED50C79AF2314270FFA9A0F9 /* ScenarioPairedConnectedUITests.swift */ = {isa = PBXFileReference; lastKnownFileType = sourcecode.swift; path = ScenarioPairedConnectedUITests.swift; sourceTree = "<group>"; };
		EFE4F187257AE37E3EC7F0B2 /* ScenarioPairedDisconnectedUITests.swift */ = {isa = PBXFileReference; lastKnownFileType = sourcecode.swift; path = ScenarioPairedDisconnectedUITests.swift; sourceTree = "<group>"; };
		F1B18C5B6B167CD86E4E3118 /* ErrorBannerViewModelTests.swift */ = {isa = PBXFileReference; lastKnownFileType = sourcecode.swift; path = ErrorBannerViewModelTests.swift; sourceTree = "<group>"; };
		F21DA8871FF4E3B7134F74B2 /* MainWindowView.swift */ = {isa = PBXFileReference; includeInIndex = 1; lastKnownFileType = sourcecode.swift; path = MainWindowView.swift; sourceTree = "<group>"; };
		F317BEBC5BD82C36E6AE36C4 /* TandemApp.swift */ = {isa = PBXFileReference; lastKnownFileType = sourcecode.swift; path = TandemApp.swift; sourceTree = "<group>"; };
		FBB1CB8D7ECBDC84F70D25BE /* HarnessLatencyNotificationPresenter.swift */ = {isa = PBXFileReference; includeInIndex = 1; lastKnownFileType = sourcecode.swift; path = HarnessLatencyNotificationPresenter.swift; sourceTree = "<group>"; };
		E22120000000000000000006 /* SessionFeatureComposition.swift */ = {isa = PBXFileReference; includeInIndex = 1; lastKnownFileType = sourcecode.swift; path = SessionFeatureComposition.swift; sourceTree = "<group>"; };
/* End PBXFileReference section */

/* Begin PBXFrameworksBuildPhase section */
		A40100000000000000E40B03 /* Frameworks */ = {
			isa = PBXFrameworksBuildPhase;
			buildActionMask = 2147483647;
			files = (
				A40100000000000000E40B02 /* FeatureFiles in Frameworks */,
			);
			runOnlyForDeploymentPostprocessing = 0;
		};
		4218F3F64192388F1889EF41 /* Frameworks */ = {
			isa = PBXFrameworksBuildPhase;
			buildActionMask = 2147483647;
			files = (
				81161460331011F52C3D9494 /* TandemCrypto in Frameworks */,
				58DF92881178D8785F0A90CE /* TandemTransport in Frameworks */,
				9FA18BC54C2E9FA8D213803E /* TandemStore in Frameworks */,
				714112267413EC5B90D96FFA /* TandemProtocol in Frameworks */,
				BAFD4035ACF23ADA4DDF955B /* TandemPairing in Frameworks */,
				9F6E0E166FCAA1BDD2EC41C7 /* TandemDevices in Frameworks */,
				3220619F8129C9BE3A774DD9 /* TandemDesign in Frameworks */,
				8323362E16C87F0E1570D3A7 /* FeatureClipboard in Frameworks */,
				A40100000000000000E40A02 /* FeatureFiles in Frameworks */,
				E50070000000000000000A02 /* FeatureMessaging in Frameworks */,
				E52060000000000000000001 /* FeatureCalls in Frameworks */,
				E72080000000000000000001 /* FeatureMedia in Frameworks */,
				E61120000000000000000001 /* FeatureMirror in Frameworks */,
				E72130000000000000000001 /* FeatureFocus in Frameworks */,
				C9550D15B505736B5A463BB2 /* FeatureNotifications in Frameworks */,
			);
			runOnlyForDeploymentPostprocessing = 0;
		};
		A7371E9DB572F1A6CE1068EA /* Frameworks */ = {
			isa = PBXFrameworksBuildPhase;
			buildActionMask = 2147483647;
			files = (
				CA9576057FCC23494B150ED5 /* TandemProtocol in Frameworks */,
			);
			runOnlyForDeploymentPostprocessing = 0;
		};
/* End PBXFrameworksBuildPhase section */

/* Begin PBXGroup section */
		0A6ACEE33F1C9E09EEC5E95C /* TandemShare */ = {
			isa = PBXGroup;
			children = (
				32CDA13C3DF0DEB4E7DCD12B /* Info.plist */,
				9CCF1B115421D313E1D549EA /* README.md */,
				B9BBB93FC1774C3497E3FBEA /* ShareViewController.swift */,
				9CB0190769744BA6B44C66E6 /* TandemShare.entitlements */,
			);
			path = TandemShare;
			sourceTree = "<group>";
		};
		826B8821B9D13CF8014B2982 /* TandemUITests */ = {
			isa = PBXGroup;
			children = (
				9ED3304BEEFB2EF47223CBA6 /* README.md */,
				ABA5A6EBDCE65DCD4BF3A9E8 /* ScenarioFailClosedErrorBannerUITests.swift */,
				0DA41CFE62BC40C516122067 /* ScenarioFailClosedErrorUITests.swift */,
				34C7140132E5BA1BA64E88FE /* ScenarioLocalNetworkDeniedUITests.swift */,
				046AE091B763685A22808409 /* ScenarioNotPairedUITests.swift */,
				ED50C79AF2314270FFA9A0F9 /* ScenarioPairedConnectedUITests.swift */,
				EFE4F187257AE37E3EC7F0B2 /* ScenarioPairedDisconnectedUITests.swift */,
				D0A6B0F2CF3EC275AEB91531 /* SettingsWindowUITests.swift */,
				928A0A048645C8946F50E0EF /* MainWindowUITests.swift */,
				E41050700000000000000000 /* PhotoGridUITests.swift */,
				E50070400000000000000000 /* ThreadListUITests.swift */,
				E40230400000000000000000 /* TransferProgressUITests.swift */,
				E50080400000000000000000 /* ConversationUITests.swift */,
				E52060000000000000000009 /* CallAlertUITests.swift */,
				E72080000000000000000009 /* NowPlayingUITests.swift */,
				E61120000000000000000003 /* MirrorQuickActionUITests.swift */,
				AE2CD51E2842F42B5D271C17 /* ScenarioVersionMismatchMenuUITests.swift */,
			);
			path = TandemUITests;
			sourceTree = "<group>";
		};
		90B0D721ADB7BDABE34F39FF /* Products */ = {
			isa = PBXGroup;
			children = (
				DA99F72F15344D7755773094 /* TandemApp.app */,
				42DC6A25C8E86E1680563D5D /* TandemAppTests.xctest */,
				A99C8E0FE674D8AF165C8E36 /* TandemShare.appex */,
				36ABA4431BCAC85E00C4C62F /* TandemUITests.xctest */,
			);
			name = Products;
			sourceTree = "<group>";
		};
		A9128161CD48DA25F6524B0C /* TandemAppTests */ = {
			isa = PBXGroup;
			children = (
				08C1BE9907AF105E7D4476B1 /* DeviceStatusViewModelTests.swift */,
				F1B18C5B6B167CD86E4E3118 /* ErrorBannerViewModelTests.swift */,
				914DF049130A763AC77ED363 /* ErrorPresenterTests.swift */,
				0FFC191545982C44F99E44FE /* FindPhoneViewModelTests.swift */,
				03AF2C8EDB2AC227D3D2C1A6 /* LaunchAtLoginViewModelTests.swift */,
				2B9B2E23FF1A4091B5ED2B9E /* LocalNetworkPermissionViewModelTests.swift */,
				9CDC0B6E63738D6308D4CAE8 /* ManualTestClock.swift */,
				E1516000000000000000F001 /* InMemoryConnectionPair.swift */,
				89549CE1AAB6CEDB9469135E /* MenuBarViewModelTests.swift */,
				8B68E4FB6B008E666248596A /* PairedDevicesCompositionTests.swift */,
				51740BEE97BBBB4FA138B987 /* QuickActionsViewModelTests.swift */,
				041CF567C3AFCE26290A0483 /* README.md */,
				029BBCBDFB11952E00CCFA08 /* SystemPowerEventsAndNetworkPathFakes.swift */,
				B271E84F6097E2F3274655CB /* MainWindowViewModelTests.swift */,
				778E700159443E8CF11E964F /* PushClipboardViewModelTests.swift */,
				039005ADC90C784691C57BD8 /* ConnectionStateRelaySubscribersTests.swift */,
				CEC073769902231CF2CF95C3 /* VersionMismatchMenuTests.swift */,
			);
			path = TandemAppTests;
			sourceTree = "<group>";
		};
		B4DBF71FB3128126612D5D3C = {
			isa = PBXGroup;
			children = (
				E761C8EF00E9F7D6EF4C817D /* Packages */,
				EF686EE77DBC985FA54C12E5 /* TandemApp */,
				A9128161CD48DA25F6524B0C /* TandemAppTests */,
				0A6ACEE33F1C9E09EEC5E95C /* TandemShare */,
				826B8821B9D13CF8014B2982 /* TandemUITests */,
				90B0D721ADB7BDABE34F39FF /* Products */,
			);
			sourceTree = "<group>";
		};
		E761C8EF00E9F7D6EF4C817D /* Packages */ = {
			isa = PBXGroup;
			children = (
				A98336DD4416DB2CBF0ED481 /* TandemCrypto */,
				0B3F7B2EC531ADC48A39DEFD /* TandemDevices */,
				22B90C5D6D56E3A0E60531E0 /* TandemPairing */,
				D4D890067B09F0862A11DF58 /* TandemProtocol */,
				EC03814D9752C7029BBEB1C2 /* TandemStore */,
				39581A17C108C4B4F78C2DD1 /* TandemTransport */,
				7CFD7E342E310F4350077F8D /* TandemDesign */,
				6ED2665CA312B3675E91769A /* FeatureClipboard */,
				A40100000000000000E40A03 /* FeatureFiles */,
				E50070000000000000000A03 /* FeatureMessaging */,
				E52060000000000000000010 /* FeatureCalls */,
				E72080000000000000000010 /* FeatureMedia */,
				E61120000000000000000010 /* FeatureMirror */,
				E72130000000000000000010 /* FeatureFocus */,
				7138E67ACC4C2A670AA358E4 /* FeatureNotifications */,
			);
			path = Packages;
			sourceTree = "<group>";
		};
		EF686EE77DBC985FA54C12E5 /* TandemApp */ = {
			isa = PBXGroup;
			children = (
				082B4DAA23BC80E3A1AAB856 /* AppComposition.swift */,
				2D8961FE840E68467F107CF9 /* DeviceStatusViewModel.swift */,
				022AE066A2EDCD04CF453E6E /* ErrorBannerView.swift */,
				7F102DE57AFD1F2418A30866 /* ErrorBannerViewModel.swift */,
				630CC6383A12CABD2028F96B /* FindPhoneViewModel.swift */,
				5600AA250B6FE2ECF965468B /* HarnessHooks.swift */,
				8AA8818BAA44F895C356A1C2 /* MacPairingComposition.swift */,
				A1B2C3D4E5F60718293A4B5C /* HarnessHooks+PairingWindow.swift */,
				C566FC1A2B8FFE40B822B811 /* HarnessHooks+RotatingId.swift */,
				A60500B1C0DE4E60A0500002 /* HarnessHooks+MediaTickets.swift */,
				203AE56CB7FA35FB0146A6A1 /* HarnessPeerRecordFixture.swift */,
				77B9A9204BF1FB958D85F2E2 /* HarnessRevokeAwareSessionRegistry.swift */,
				54F11629C6DB3645B3227E0C /* HarnessStatusRingCommands.swift */,
				1ADF46FA55FCA2970CBE9E9B /* Info.plist */,
				13609B5F6378DC80B23B7284 /* KeychainStoreFactory.swift */,
				3EE4C364B9B8A30C20F7C8B6 /* LaunchAtLoginPreferenceStore.swift */,
				0BD74961775D9359BBD2C9A6 /* LaunchAtLoginViewModel.swift */,
				BB50C840776166869342E6D0 /* LocalNetworkPermissionBannerView.swift */,
				3932FFD187ADE277BE636353 /* LocalNetworkPermissionViewModel.swift */,
				B585178A98786DB4AB6D5375 /* LoginItemService.swift */,
				132ECF02E619377AEA48E71F /* MenuBarContentView.swift */,
				1957CF1E6A317FC4E549D489 /* MenuBarViewModel.swift */,
				DF1A4DABE7F5BA206539775C /* QuickActionsView.swift */,
				8BF20C4F3C47025C0506B8DD /* QuickActionsViewModel.swift */,
				5319BE92DEC9F94E1C83D1EC /* README.md */,
				122B73053B0DCA6693D01A4B /* SettingsComposition.swift */,
				D51777D80561FB3A57A4D240 /* SettingsScenarioSupport.swift */,
				6E5E9400B6C02CECEDC03084 /* SettingsView.swift */,
				8A44A1216CFE5055E0699868 /* TandemApp.entitlements */,
				F317BEBC5BD82C36E6AE36C4 /* TandemApp.swift */,
				A5E30F71572BF267AF52CCFE /* UITestScenario.swift */,
				7CF66E68281898309742F036 /* UnpairComposition.swift */,
				E22120000000000000000006 /* SessionFeatureComposition.swift */,
				86769ADA9F9034205A270081 /* URLOpener.swift */,
				07266D9E12377E5002B73F90 /* MainWindowViewModel.swift */,
				F21DA8871FF4E3B7134F74B2 /* MainWindowView.swift */,
				47C6E5F69C66780495EEA2D5 /* MainWindowComposition.swift */,
				9142DE963CC6331F9BAE0251 /* OpenTandemMenuButton.swift */,
				81A7F690391BFD60D295D384 /* MainWindowScenarioSupport.swift */,
				E41050500000000000000000 /* ScenarioPhotoGrid.swift */,
				E50070200000000000000000 /* ScenarioThreadList.swift */,
				E22130000000000000000002 /* NotificationAcceptPromptPresenter.swift */,
				E22130000000000000000006 /* NotificationReceivedFilePresenter.swift */,
				E22130000000000000000004 /* CallsSessionService.swift */,
				E72080000000000000000007 /* NowPlayingSessionService.swift */,
				E50080200000000000000000 /* ScenarioConversation.swift */,
				E52060000000000000000006 /* NotificationCallAlertPresenter.swift */,
				E52060000000000000000007 /* CallHangUpView.swift */,
				E52100000000000000000002 /* ConversationCallHost.swift */,
				E52060000000000000000008 /* ScenarioCallAlert.swift */,
				E72080000000000000000008 /* ScenarioNowPlaying.swift */,
				E61120000000000000000005 /* ScenarioMirrorRequest.swift */,
				E62120000000000000000002 /* MirrorComposition.swift */,
				E70160000000000000000002 /* MacRotationComposition.swift */,
				E62120000000000000000004 /* MirrorWindowPresenter.swift */,
				9E31746CEC223BDFB9A1A5BA /* ScenarioView.swift */,
				FBB1CB8D7ECBDC84F70D25BE /* HarnessLatencyNotificationPresenter.swift */,
				55539ABBFBF0B3B58CAE8AFE /* HarnessNotificationLoopbackRegistry.swift */,
				4FA90D5D246758202FBAD3CA /* PushClipboardViewModel.swift */,
				D435B4FE1F54ED490B5FC079 /* ConnectionStateRelay.swift */,
			);
			path = TandemApp;
			sourceTree = "<group>";
		};
/* End PBXGroup section */

/* Begin PBXNativeTarget section */
		04ABC6CCB7A3CFDAB37494F5 /* TandemShare */ = {
			isa = PBXNativeTarget;
			buildConfigurationList = 43F5DB77CC59FF0186EF0268 /* Build configuration list for PBXNativeTarget "TandemShare" */;
			buildPhases = (
				E6C0D035596B8AB2F87A804F /* Sources */,
				49B17D310B02CAFE6AEB90BF /* Resources */,
				A40100000000000000E40B03 /* Frameworks */,
			);
			buildRules = (
			);
			dependencies = (
			);
			name = TandemShare;
			packageProductDependencies = (
				A40100000000000000E40B01 /* FeatureFiles */,
			);
			productName = TandemShare;
			productReference = A99C8E0FE674D8AF165C8E36 /* TandemShare.appex */;
			productType = "com.apple.product-type.app-extension";
		};
		3631CC0D958EBE67C1902296 /* TandemAppTests */ = {
			isa = PBXNativeTarget;
			buildConfigurationList = FEA31CC30E71F445697274E1 /* Build configuration list for PBXNativeTarget "TandemAppTests" */;
			buildPhases = (
				6CA9F651C307663EA2598ACB /* Sources */,
				2DB267659590A2945A73B5A4 /* Resources */,
			);
			buildRules = (
			);
			dependencies = (
				C166DA6F710E152041027513 /* PBXTargetDependency */,
			);
			name = TandemAppTests;
			productName = TandemAppTests;
			productReference = 42DC6A25C8E86E1680563D5D /* TandemAppTests.xctest */;
			productType = "com.apple.product-type.bundle.unit-test";
		};
		420AE8114A5DC308D38B542C /* TandemApp */ = {
			isa = PBXNativeTarget;
			buildConfigurationList = C94FAB219E15BE98561A01EE /* Build configuration list for PBXNativeTarget "TandemApp" */;
			buildPhases = (
				9B61F966E94CF80254988195 /* Sources */,
				F182F9806FA41F82E0997B5D /* Resources */,
				4218F3F64192388F1889EF41 /* Frameworks */,
				433EE791D885AE4A2DDBCBCD /* Embed Foundation Extensions */,
			);
			buildRules = (
			);
			dependencies = (
				0BC96B36252E1950445D51AB /* PBXTargetDependency */,
			);
			name = TandemApp;
			packageProductDependencies = (
				12FE37962CD7F002672F2964 /* TandemCrypto */,
				9198B05ADBA40A7A02B76C74 /* TandemTransport */,
				84D30D39F94B2E8AE9912DBD /* TandemStore */,
				1988BC0B564CCF8C41148DCF /* TandemProtocol */,
				19FA760857066CAA11B0A7B3 /* TandemPairing */,
				357221C8D301D0173582718D /* TandemDevices */,
				3DC26889FCB92D7B4111DCDC /* TandemDesign */,
				EECB08419E116CE4C7224F72 /* FeatureClipboard */,
				A40100000000000000E40A01 /* FeatureFiles */,
				E50070000000000000000A01 /* FeatureMessaging */,
				E52060000000000000000012 /* FeatureCalls */,
				E72080000000000000000012 /* FeatureMedia */,
				E61120000000000000000012 /* FeatureMirror */,
				E72130000000000000000012 /* FeatureFocus */,
				A3BE2B086DAB311AFA67E1C3 /* FeatureNotifications */,
			);
			productName = TandemApp;
			productReference = DA99F72F15344D7755773094 /* TandemApp.app */;
			productType = "com.apple.product-type.application";
		};
		478185C79D894ECF1EEE635B /* TandemUITests */ = {
			isa = PBXNativeTarget;
			buildConfigurationList = A54F9C4699D7BDB702F44ABD /* Build configuration list for PBXNativeTarget "TandemUITests" */;
			buildPhases = (
				034657D71E5B6215B354265A /* Sources */,
				A0FC01FD80015AB82A5E182B /* Resources */,
				A7371E9DB572F1A6CE1068EA /* Frameworks */,
			);
			buildRules = (
			);
			dependencies = (
				A3A60F4EE5062DD75BBF80C7 /* PBXTargetDependency */,
			);
			name = TandemUITests;
			packageProductDependencies = (
				BE8F0E46D0DF41D3590CE07D /* TandemProtocol */,
			);
			productName = TandemUITests;
			productReference = 36ABA4431BCAC85E00C4C62F /* TandemUITests.xctest */;
			productType = "com.apple.product-type.bundle.ui-testing";
		};
/* End PBXNativeTarget section */

/* Begin PBXProject section */
		65C5B6802EBC009E346053A9 /* Project object */ = {
			isa = PBXProject;
			attributes = {
				BuildIndependentTargetsInParallel = YES;
				LastUpgradeCheck = 1430;
				TargetAttributes = {
					478185C79D894ECF1EEE635B = {
						TestTargetID = 420AE8114A5DC308D38B542C;
					};
				};
			};
			buildConfigurationList = A768536B4BC3573356B3E1E5 /* Build configuration list for PBXProject "Tandem" */;
			developmentRegion = en;
			hasScannedForEncodings = 0;
			knownRegions = (
				Base,
				en,
			);
			mainGroup = B4DBF71FB3128126612D5D3C;
			minimizedProjectReferenceProxies = 1;
			packageReferences = (
				0218E04C3402C3090FADECBF /* XCLocalSwiftPackageReference "TandemCrypto" */,
				4A7276332FF58EA55BA12C73 /* XCLocalSwiftPackageReference "TandemDevices" */,
				DFEA52698D47E79167671FD7 /* XCLocalSwiftPackageReference "TandemPairing" */,
				7F7D28370B22FFA6B9153614 /* XCLocalSwiftPackageReference "TandemProtocol" */,
				465E8D8E5336455AEFFF2E07 /* XCLocalSwiftPackageReference "TandemStore" */,
				FE7626BCD2453DAC6B0044D3 /* XCLocalSwiftPackageReference "TandemTransport" */,
				73EE49CC2108D74C59165AC9 /* XCLocalSwiftPackageReference "TandemDesign" */,
				F0660F4B776D4E909F09E6D3 /* XCLocalSwiftPackageReference "FeatureClipboard" */,
				A40100000000000000E40A04 /* XCLocalSwiftPackageReference "FeatureFiles" */,
				E52060000000000000000011 /* XCLocalSwiftPackageReference "FeatureCalls" */,
				E72080000000000000000011 /* XCLocalSwiftPackageReference "FeatureMedia" */,
				E61120000000000000000011 /* XCLocalSwiftPackageReference "FeatureMirror" */,
				E72130000000000000000011 /* XCLocalSwiftPackageReference "FeatureFocus" */,
				8D44A28EA3C41DA1C33B2BAF /* XCLocalSwiftPackageReference "FeatureNotifications" */,
			);
			preferredProjectObjectVersion = 77;
			productRefGroup = 90B0D721ADB7BDABE34F39FF /* Products */;
			projectDirPath = "";
			projectRoot = "";
			targets = (
				420AE8114A5DC308D38B542C /* TandemApp */,
				04ABC6CCB7A3CFDAB37494F5 /* TandemShare */,
				3631CC0D958EBE67C1902296 /* TandemAppTests */,
				478185C79D894ECF1EEE635B /* TandemUITests */,
			);
		};
/* End PBXProject section */

/* Begin PBXResourcesBuildPhase section */
		2DB267659590A2945A73B5A4 /* Resources */ = {
			isa = PBXResourcesBuildPhase;
			buildActionMask = 2147483647;
			files = (
				BC7B187EE5AF3789F6775FFF /* README.md in Resources */,
			);
			runOnlyForDeploymentPostprocessing = 0;
		};
		49B17D310B02CAFE6AEB90BF /* Resources */ = {
			isa = PBXResourcesBuildPhase;
			buildActionMask = 2147483647;
			files = (
				73B62DA518FFEDCE79282EF0 /* README.md in Resources */,
			);
			runOnlyForDeploymentPostprocessing = 0;
		};
		A0FC01FD80015AB82A5E182B /* Resources */ = {
			isa = PBXResourcesBuildPhase;
			buildActionMask = 2147483647;
			files = (
				9E3ECFF08B9545FFD864C988 /* README.md in Resources */,
			);
			runOnlyForDeploymentPostprocessing = 0;
		};
		F182F9806FA41F82E0997B5D /* Resources */ = {
			isa = PBXResourcesBuildPhase;
			buildActionMask = 2147483647;
			files = (
				37514F52E2CE1541F53D6B5F /* README.md in Resources */,
			);
			runOnlyForDeploymentPostprocessing = 0;
		};
/* End PBXResourcesBuildPhase section */

/* Begin PBXSourcesBuildPhase section */
		034657D71E5B6215B354265A /* Sources */ = {
			isa = PBXSourcesBuildPhase;
			buildActionMask = 2147483647;
			files = (
				91C0F139DCD588C464955E6D /* ScenarioFailClosedErrorBannerUITests.swift in Sources */,
				290551DE0E84A694383AC976 /* ScenarioFailClosedErrorUITests.swift in Sources */,
				85013880DBC8DEFC991538FB /* ScenarioLocalNetworkDeniedUITests.swift in Sources */,
				C3BD1237656CC812DF5F5687 /* ScenarioNotPairedUITests.swift in Sources */,
				725B0AE94A30C8D218739076 /* ScenarioPairedConnectedUITests.swift in Sources */,
				9071F174A4AC6DBDF8575027 /* ScenarioPairedDisconnectedUITests.swift in Sources */,
				7F259215F6C471C8D3A7933C /* SettingsWindowUITests.swift in Sources */,
				ECB976068D53A2C8A426A721 /* MainWindowUITests.swift in Sources */,
				E41050600000000000000000 /* PhotoGridUITests.swift in Sources */,
				E50070300000000000000000 /* ThreadListUITests.swift in Sources */,
				E40230300000000000000000 /* TransferProgressUITests.swift in Sources */,
				E50080300000000000000000 /* ConversationUITests.swift in Sources */,
				E52060000000000000000005 /* CallAlertUITests.swift in Sources */,
				E72080000000000000000005 /* NowPlayingUITests.swift in Sources */,
				E61120000000000000000002 /* MirrorQuickActionUITests.swift in Sources */,
				E31FB1CB0E45F1B30D6718B7 /* ScenarioVersionMismatchMenuUITests.swift in Sources */,
			);
			runOnlyForDeploymentPostprocessing = 0;
		};
		6CA9F651C307663EA2598ACB /* Sources */ = {
			isa = PBXSourcesBuildPhase;
			buildActionMask = 2147483647;
			files = (
				3CEE3ED42D968EA33509BDB2 /* DeviceStatusViewModelTests.swift in Sources */,
				5DF35AD6ECA5BA6F17993B84 /* ErrorBannerViewModelTests.swift in Sources */,
				F66E40871791C2532B715C5C /* ErrorPresenterTests.swift in Sources */,
				897C119CFD2F25B4DEE86FA2 /* FindPhoneViewModelTests.swift in Sources */,
				BFFEBE50064F4915AEB574DF /* LaunchAtLoginViewModelTests.swift in Sources */,
				181061876B4B9D392C41F0D3 /* LocalNetworkPermissionViewModelTests.swift in Sources */,
				838080FD0780F86B2A637C93 /* ManualTestClock.swift in Sources */,
				E1516000000000000000B001 /* InMemoryConnectionPair.swift in Sources */,
				193173BAE27FCCA74C46943B /* MenuBarViewModelTests.swift in Sources */,
				19EA664750CE895AA9E113B6 /* PairedDevicesCompositionTests.swift in Sources */,
				16DD614E6C363E82F410BA94 /* QuickActionsViewModelTests.swift in Sources */,
				BD82E904F8A53F7D281986A1 /* SystemPowerEventsAndNetworkPathFakes.swift in Sources */,
				068B5A08BDA957503ED99CFA /* MainWindowViewModelTests.swift in Sources */,
				5C59C085A4552AA68D1A7FA5 /* PushClipboardViewModelTests.swift in Sources */,
				1FCAE6C8D1932BA1519D3056 /* ConnectionStateRelaySubscribersTests.swift in Sources */,
				15E50C31ED6572BB5938F933 /* VersionMismatchMenuTests.swift in Sources */,
			);
			runOnlyForDeploymentPostprocessing = 0;
		};
		9B61F966E94CF80254988195 /* Sources */ = {
			isa = PBXSourcesBuildPhase;
			buildActionMask = 2147483647;
			files = (
				63DB6AB98B198819FE6F8023 /* AppComposition.swift in Sources */,
				F2BA917BADEB1A667CEFBFC4 /* DeviceStatusViewModel.swift in Sources */,
				A5950E11B9386615E2299905 /* ErrorBannerView.swift in Sources */,
				14EF338AF0A9A724A49FA149 /* ErrorBannerViewModel.swift in Sources */,
				86245BF6C0D90244E06B665D /* FindPhoneViewModel.swift in Sources */,
				E6266FDBF47CC04D900C56BE /* HarnessHooks.swift in Sources */,
				B1BB3BFE6AF2B3109E5CC66D /* MacPairingComposition.swift in Sources */,
				B1C2D3E4F5A60718293A4B5D /* HarnessHooks+PairingWindow.swift in Sources */,
				43FF9E088013FEC617B854E6 /* HarnessHooks+RotatingId.swift in Sources */,
				A60500B1C0DE4E60A0500001 /* HarnessHooks+MediaTickets.swift in Sources */,
				D0A8C41E00EA75198BDB8DA1 /* HarnessPeerRecordFixture.swift in Sources */,
				AC56980B4A809ADB99F3C5FD /* HarnessRevokeAwareSessionRegistry.swift in Sources */,
				28A3FFB150F4336FC8BB6314 /* HarnessStatusRingCommands.swift in Sources */,
				1ECA3F68880D7035C6D1CC11 /* KeychainStoreFactory.swift in Sources */,
				82ED20E7EEEBA196577DC038 /* LaunchAtLoginPreferenceStore.swift in Sources */,
				4CF15945A231CDA685E26206 /* LaunchAtLoginViewModel.swift in Sources */,
				34117C7BA25150F22D77D0DC /* LocalNetworkPermissionBannerView.swift in Sources */,
				BE4ACE39CAE53BBE32C1A3A6 /* LocalNetworkPermissionViewModel.swift in Sources */,
				F9688097D3E090DD745B8855 /* LoginItemService.swift in Sources */,
				85AC58E2BE2BC6A252F0A390 /* MenuBarContentView.swift in Sources */,
				65CD6C14FBBB2A64DFF59A32 /* MenuBarViewModel.swift in Sources */,
				9A2563DADF4B7EDD4C0B2628 /* QuickActionsView.swift in Sources */,
				3A3D0508C5CF70D21E37460E /* QuickActionsViewModel.swift in Sources */,
				1319A4BA69B9DFF7EBD7928A /* SettingsComposition.swift in Sources */,
				61D27ABFF02400431B506DA8 /* SettingsScenarioSupport.swift in Sources */,
				F9E0416499FC95D142722EF3 /* SettingsView.swift in Sources */,
				C6E8C919188E38AC00BD1581 /* TandemApp.swift in Sources */,
				EABFA9CEAD6AF0FAF17F0706 /* UITestScenario.swift in Sources */,
				A830DECCBBBD9C6678CA644E /* URLOpener.swift in Sources */,
				E23561801197DAC9C7460B32 /* UnpairComposition.swift in Sources */,
				E22120000000000000000002 /* SessionFeatureComposition.swift in Sources */,
				F28D5C6ECE889FE54A43092F /* MainWindowViewModel.swift in Sources */,
				6C59B7EAEB5B9F6642D7445F /* MainWindowView.swift in Sources */,
				539567A339C850584891C604 /* MainWindowComposition.swift in Sources */,
				CB7B161ECCC149BF2700377B /* OpenTandemMenuButton.swift in Sources */,
				5298599E544DCDD0447D8A66 /* MainWindowScenarioSupport.swift in Sources */,
				E41050400000000000000000 /* ScenarioPhotoGrid.swift in Sources */,
				E50070100000000000000000 /* ScenarioThreadList.swift in Sources */,
				E22130000000000000000001 /* NotificationAcceptPromptPresenter.swift in Sources */,
				E22130000000000000000005 /* NotificationReceivedFilePresenter.swift in Sources */,
				E22130000000000000000003 /* CallsSessionService.swift in Sources */,
				E72080000000000000000006 /* NowPlayingSessionService.swift in Sources */,
				E50080100000000000000000 /* ScenarioConversation.swift in Sources */,
				E52060000000000000000002 /* NotificationCallAlertPresenter.swift in Sources */,
				E52060000000000000000003 /* CallHangUpView.swift in Sources */,
				E52100000000000000000001 /* ConversationCallHost.swift in Sources */,
				E52060000000000000000004 /* ScenarioCallAlert.swift in Sources */,
				E72080000000000000000004 /* ScenarioNowPlaying.swift in Sources */,
				E61120000000000000000004 /* ScenarioMirrorRequest.swift in Sources */,
				E62120000000000000000001 /* MirrorComposition.swift in Sources */,
				E70160000000000000000001 /* MacRotationComposition.swift in Sources */,
				E62120000000000000000003 /* MirrorWindowPresenter.swift in Sources */,
				C146EF9761F74509F7037932 /* ScenarioView.swift in Sources */,
				71DC765EBDD8D952366CA1A9 /* HarnessLatencyNotificationPresenter.swift in Sources */,
				0D4050F8BC2C75EC9EBA1801 /* HarnessNotificationLoopbackRegistry.swift in Sources */,
				E71B1A14376E189459382BAA /* PushClipboardViewModel.swift in Sources */,
				B3760AE1F08525B8B5D46CFD /* ConnectionStateRelay.swift in Sources */,
			);
			runOnlyForDeploymentPostprocessing = 0;
		};
		E6C0D035596B8AB2F87A804F /* Sources */ = {
			isa = PBXSourcesBuildPhase;
			buildActionMask = 2147483647;
			files = (
				A2CB7E5B958B0A9AAEF1C62E /* ShareViewController.swift in Sources */,
			);
			runOnlyForDeploymentPostprocessing = 0;
		};
/* End PBXSourcesBuildPhase section */

/* Begin PBXTargetDependency section */
		0BC96B36252E1950445D51AB /* PBXTargetDependency */ = {
			isa = PBXTargetDependency;
			target = 04ABC6CCB7A3CFDAB37494F5 /* TandemShare */;
			targetProxy = 0BEB5AA17C66FEEC4A3562E7 /* PBXContainerItemProxy */;
		};
		A3A60F4EE5062DD75BBF80C7 /* PBXTargetDependency */ = {
			isa = PBXTargetDependency;
			target = 420AE8114A5DC308D38B542C /* TandemApp */;
			targetProxy = A09F09F2F9BA4BC2DF0BC2A4 /* PBXContainerItemProxy */;
		};
		C166DA6F710E152041027513 /* PBXTargetDependency */ = {
			isa = PBXTargetDependency;
			target = 420AE8114A5DC308D38B542C /* TandemApp */;
			targetProxy = 2CADE7EC73EABC2F6FEF7859 /* PBXContainerItemProxy */;
		};
/* End PBXTargetDependency section */

/* Begin XCBuildConfiguration section */
		0CF2B687895DB98B0E229CD7 /* Release */ = {
			isa = XCBuildConfiguration;
			buildSettings = {
				ALWAYS_SEARCH_USER_PATHS = NO;
				CLANG_ANALYZER_NONNULL = YES;
				CLANG_ANALYZER_NUMBER_OBJECT_CONVERSION = YES_AGGRESSIVE;
				CLANG_CXX_LANGUAGE_STANDARD = "gnu++14";
				CLANG_CXX_LIBRARY = "libc++";
				CLANG_ENABLE_MODULES = YES;
				CLANG_ENABLE_OBJC_ARC = YES;
				CLANG_ENABLE_OBJC_WEAK = YES;
				CLANG_WARN_BLOCK_CAPTURE_AUTORELEASING = YES;
				CLANG_WARN_BOOL_CONVERSION = YES;
				CLANG_WARN_COMMA = YES;
				CLANG_WARN_CONSTANT_CONVERSION = YES;
				CLANG_WARN_DEPRECATED_OBJC_IMPLEMENTATIONS = YES;
				CLANG_WARN_DIRECT_OBJC_ISA_USAGE = YES_ERROR;
				CLANG_WARN_DOCUMENTATION_COMMENTS = YES;
				CLANG_WARN_EMPTY_BODY = YES;
				CLANG_WARN_ENUM_CONVERSION = YES;
				CLANG_WARN_INFINITE_RECURSION = YES;
				CLANG_WARN_INT_CONVERSION = YES;
				CLANG_WARN_NON_LITERAL_NULL_CONVERSION = YES;
				CLANG_WARN_OBJC_IMPLICIT_RETAIN_SELF = YES;
				CLANG_WARN_OBJC_LITERAL_CONVERSION = YES;
				CLANG_WARN_OBJC_ROOT_CLASS = YES_ERROR;
				CLANG_WARN_QUOTED_INCLUDE_IN_FRAMEWORK_HEADER = YES;
				CLANG_WARN_RANGE_LOOP_ANALYSIS = YES;
				CLANG_WARN_STRICT_PROTOTYPES = YES;
				CLANG_WARN_SUSPICIOUS_MOVE = YES;
				CLANG_WARN_UNGUARDED_AVAILABILITY = YES_AGGRESSIVE;
				CLANG_WARN_UNREACHABLE_CODE = YES;
				CLANG_WARN__DUPLICATE_METHOD_MATCH = YES;
				COPY_PHASE_STRIP = NO;
				DEBUG_INFORMATION_FORMAT = "dwarf-with-dsym";
				ENABLE_NS_ASSERTIONS = NO;
				ENABLE_STRICT_OBJC_MSGSEND = YES;
				GCC_C_LANGUAGE_STANDARD = gnu11;
				GCC_NO_COMMON_BLOCKS = YES;
				GCC_WARN_64_TO_32_BIT_CONVERSION = YES;
				GCC_WARN_ABOUT_RETURN_TYPE = YES_ERROR;
				GCC_WARN_UNDECLARED_SELECTOR = YES;
				GCC_WARN_UNINITIALIZED_AUTOS = YES_AGGRESSIVE;
				GCC_WARN_UNUSED_FUNCTION = YES;
				GCC_WARN_UNUSED_VARIABLE = YES;
				MACOSX_DEPLOYMENT_TARGET = 15.0;
				MTL_ENABLE_DEBUG_INFO = NO;
				MTL_FAST_MATH = YES;
				PRODUCT_NAME = "$(TARGET_NAME)";
				SDKROOT = macosx;
				SWIFT_COMPILATION_MODE = wholemodule;
				SWIFT_OPTIMIZATION_LEVEL = "-O";
				SWIFT_VERSION = 5.0;
			};
			name = Release;
		};
		1F6AE557B87C19900876D355 /* Debug */ = {
			isa = XCBuildConfiguration;
			buildSettings = {
				ASSETCATALOG_COMPILER_APPICON_NAME = AppIcon;
				CODE_SIGN_ENTITLEMENTS = TandemApp/TandemApp.entitlements;
				COMBINE_HIDPI_IMAGES = YES;
				INFOPLIST_FILE = TandemApp/Info.plist;
				LD_RUNPATH_SEARCH_PATHS = (
					"$(inherited)",
					"@executable_path/../Frameworks",
				);
				PRODUCT_BUNDLE_IDENTIFIER = dev.tandem.app;
				SDKROOT = macosx;
				SWIFT_VERSION = 6.0;
			};
			name = Debug;
		};
		2C3D55C22239E535255FB897 /* Debug */ = {
			isa = XCBuildConfiguration;
			buildSettings = {
				ALWAYS_SEARCH_USER_PATHS = NO;
				CLANG_ANALYZER_NONNULL = YES;
				CLANG_ANALYZER_NUMBER_OBJECT_CONVERSION = YES_AGGRESSIVE;
				CLANG_CXX_LANGUAGE_STANDARD = "gnu++14";
				CLANG_CXX_LIBRARY = "libc++";
				CLANG_ENABLE_MODULES = YES;
				CLANG_ENABLE_OBJC_ARC = YES;
				CLANG_ENABLE_OBJC_WEAK = YES;
				CLANG_WARN_BLOCK_CAPTURE_AUTORELEASING = YES;
				CLANG_WARN_BOOL_CONVERSION = YES;
				CLANG_WARN_COMMA = YES;
				CLANG_WARN_CONSTANT_CONVERSION = YES;
				CLANG_WARN_DEPRECATED_OBJC_IMPLEMENTATIONS = YES;
				CLANG_WARN_DIRECT_OBJC_ISA_USAGE = YES_ERROR;
				CLANG_WARN_DOCUMENTATION_COMMENTS = YES;
				CLANG_WARN_EMPTY_BODY = YES;
				CLANG_WARN_ENUM_CONVERSION = YES;
				CLANG_WARN_INFINITE_RECURSION = YES;
				CLANG_WARN_INT_CONVERSION = YES;
				CLANG_WARN_NON_LITERAL_NULL_CONVERSION = YES;
				CLANG_WARN_OBJC_IMPLICIT_RETAIN_SELF = YES;
				CLANG_WARN_OBJC_LITERAL_CONVERSION = YES;
				CLANG_WARN_OBJC_ROOT_CLASS = YES_ERROR;
				CLANG_WARN_QUOTED_INCLUDE_IN_FRAMEWORK_HEADER = YES;
				CLANG_WARN_RANGE_LOOP_ANALYSIS = YES;
				CLANG_WARN_STRICT_PROTOTYPES = YES;
				CLANG_WARN_SUSPICIOUS_MOVE = YES;
				CLANG_WARN_UNGUARDED_AVAILABILITY = YES_AGGRESSIVE;
				CLANG_WARN_UNREACHABLE_CODE = YES;
				CLANG_WARN__DUPLICATE_METHOD_MATCH = YES;
				COPY_PHASE_STRIP = NO;
				DEBUG_INFORMATION_FORMAT = dwarf;
				ENABLE_STRICT_OBJC_MSGSEND = YES;
				ENABLE_TESTABILITY = YES;
				GCC_C_LANGUAGE_STANDARD = gnu11;
				GCC_DYNAMIC_NO_PIC = NO;
				GCC_NO_COMMON_BLOCKS = YES;
				GCC_OPTIMIZATION_LEVEL = 0;
				GCC_PREPROCESSOR_DEFINITIONS = (
					"$(inherited)",
					"DEBUG=1",
				);
				GCC_WARN_64_TO_32_BIT_CONVERSION = YES;
				GCC_WARN_ABOUT_RETURN_TYPE = YES_ERROR;
				GCC_WARN_UNDECLARED_SELECTOR = YES;
				GCC_WARN_UNINITIALIZED_AUTOS = YES_AGGRESSIVE;
				GCC_WARN_UNUSED_FUNCTION = YES;
				GCC_WARN_UNUSED_VARIABLE = YES;
				MACOSX_DEPLOYMENT_TARGET = 15.0;
				MTL_ENABLE_DEBUG_INFO = INCLUDE_SOURCE;
				MTL_FAST_MATH = YES;
				ONLY_ACTIVE_ARCH = YES;
				PRODUCT_NAME = "$(TARGET_NAME)";
				SDKROOT = macosx;
				SWIFT_ACTIVE_COMPILATION_CONDITIONS = DEBUG;
				SWIFT_OPTIMIZATION_LEVEL = "-Onone";
				SWIFT_VERSION = 5.0;
			};
			name = Debug;
		};
		41B74554FB778A3E4281383E /* Debug */ = {
			isa = XCBuildConfiguration;
			buildSettings = {
				BUNDLE_LOADER = "$(TEST_HOST)";
				COMBINE_HIDPI_IMAGES = YES;
				GENERATE_INFOPLIST_FILE = YES;
				LD_RUNPATH_SEARCH_PATHS = (
					"$(inherited)",
					"@executable_path/../Frameworks",
					"@loader_path/../Frameworks",
				);
				PRODUCT_BUNDLE_IDENTIFIER = dev.tandem.app.Tests;
				SDKROOT = macosx;
				SWIFT_VERSION = 6.0;
				TEST_HOST = "$(BUILT_PRODUCTS_DIR)/TandemApp.app/Contents/MacOS/TandemApp";
			};
			name = Debug;
		};
		55AC91430F18BA8197502B45 /* Release */ = {
			isa = XCBuildConfiguration;
			buildSettings = {
				BUNDLE_LOADER = "$(TEST_HOST)";
				COMBINE_HIDPI_IMAGES = YES;
				GENERATE_INFOPLIST_FILE = YES;
				LD_RUNPATH_SEARCH_PATHS = (
					"$(inherited)",
					"@executable_path/Frameworks",
					"@loader_path/Frameworks",
				);
				PRODUCT_BUNDLE_IDENTIFIER = dev.tandem.app.UITests;
				SDKROOT = macosx;
				SWIFT_VERSION = 6.0;
				TEST_TARGET_NAME = TandemApp;
			};
			name = Release;
		};
		6197093B23E69FE732AFA0C0 /* Release */ = {
			isa = XCBuildConfiguration;
			buildSettings = {
				BUNDLE_LOADER = "$(TEST_HOST)";
				COMBINE_HIDPI_IMAGES = YES;
				GENERATE_INFOPLIST_FILE = YES;
				LD_RUNPATH_SEARCH_PATHS = (
					"$(inherited)",
					"@executable_path/../Frameworks",
					"@loader_path/../Frameworks",
				);
				PRODUCT_BUNDLE_IDENTIFIER = dev.tandem.app.Tests;
				SDKROOT = macosx;
				SWIFT_VERSION = 6.0;
				TEST_HOST = "$(BUILT_PRODUCTS_DIR)/TandemApp.app/Contents/MacOS/TandemApp";
			};
			name = Release;
		};
		8B7823A5CF9CF3AD2DA774F6 /* Release */ = {
			isa = XCBuildConfiguration;
			buildSettings = {
				CODE_SIGN_ENTITLEMENTS = TandemShare/TandemShare.entitlements;
				COMBINE_HIDPI_IMAGES = YES;
				INFOPLIST_FILE = TandemShare/Info.plist;
				LD_RUNPATH_SEARCH_PATHS = (
					"$(inherited)",
					"@executable_path/../Frameworks",
					"@executable_path/../../../../Frameworks",
				);
				PRODUCT_BUNDLE_IDENTIFIER = dev.tandem.app.Share;
				SDKROOT = macosx;
				SWIFT_VERSION = 6.0;
			};
			name = Release;
		};
		A454A9839BB568C697724F69 /* Release */ = {
			isa = XCBuildConfiguration;
			buildSettings = {
				ASSETCATALOG_COMPILER_APPICON_NAME = AppIcon;
				CODE_SIGN_ENTITLEMENTS = TandemApp/TandemApp.entitlements;
				COMBINE_HIDPI_IMAGES = YES;
				INFOPLIST_FILE = TandemApp/Info.plist;
				LD_RUNPATH_SEARCH_PATHS = (
					"$(inherited)",
					"@executable_path/../Frameworks",
				);
				PRODUCT_BUNDLE_IDENTIFIER = dev.tandem.app;
				SDKROOT = macosx;
				SWIFT_VERSION = 6.0;
			};
			name = Release;
		};
		AB22AE2B41D3A623ECFC6059 /* Debug */ = {
			isa = XCBuildConfiguration;
			buildSettings = {
				BUNDLE_LOADER = "$(TEST_HOST)";
				COMBINE_HIDPI_IMAGES = YES;
				GENERATE_INFOPLIST_FILE = YES;
				LD_RUNPATH_SEARCH_PATHS = (
					"$(inherited)",
					"@executable_path/Frameworks",
					"@loader_path/Frameworks",
				);
				PRODUCT_BUNDLE_IDENTIFIER = dev.tandem.app.UITests;
				SDKROOT = macosx;
				SWIFT_VERSION = 6.0;
				TEST_TARGET_NAME = TandemApp;
			};
			name = Debug;
		};
		C10DE3C99A01694D1D6B81EC /* Debug */ = {
			isa = XCBuildConfiguration;
			buildSettings = {
				CODE_SIGN_ENTITLEMENTS = TandemShare/TandemShare.entitlements;
				COMBINE_HIDPI_IMAGES = YES;
				INFOPLIST_FILE = TandemShare/Info.plist;
				LD_RUNPATH_SEARCH_PATHS = (
					"$(inherited)",
					"@executable_path/../Frameworks",
					"@executable_path/../../../../Frameworks",
				);
				PRODUCT_BUNDLE_IDENTIFIER = dev.tandem.app.Share;
				SDKROOT = macosx;
				SWIFT_VERSION = 6.0;
			};
			name = Debug;
		};
/* End XCBuildConfiguration section */

/* Begin XCConfigurationList section */
		43F5DB77CC59FF0186EF0268 /* Build configuration list for PBXNativeTarget "TandemShare" */ = {
			isa = XCConfigurationList;
			buildConfigurations = (
				C10DE3C99A01694D1D6B81EC /* Debug */,
				8B7823A5CF9CF3AD2DA774F6 /* Release */,
			);
			defaultConfigurationIsVisible = 0;
			defaultConfigurationName = Debug;
		};
		A54F9C4699D7BDB702F44ABD /* Build configuration list for PBXNativeTarget "TandemUITests" */ = {
			isa = XCConfigurationList;
			buildConfigurations = (
				AB22AE2B41D3A623ECFC6059 /* Debug */,
				55AC91430F18BA8197502B45 /* Release */,
			);
			defaultConfigurationIsVisible = 0;
			defaultConfigurationName = Debug;
		};
		A768536B4BC3573356B3E1E5 /* Build configuration list for PBXProject "Tandem" */ = {
			isa = XCConfigurationList;
			buildConfigurations = (
				2C3D55C22239E535255FB897 /* Debug */,
				0CF2B687895DB98B0E229CD7 /* Release */,
			);
			defaultConfigurationIsVisible = 0;
			defaultConfigurationName = Debug;
		};
		C94FAB219E15BE98561A01EE /* Build configuration list for PBXNativeTarget "TandemApp" */ = {
			isa = XCConfigurationList;
			buildConfigurations = (
				1F6AE557B87C19900876D355 /* Debug */,
				A454A9839BB568C697724F69 /* Release */,
			);
			defaultConfigurationIsVisible = 0;
			defaultConfigurationName = Debug;
		};
		FEA31CC30E71F445697274E1 /* Build configuration list for PBXNativeTarget "TandemAppTests" */ = {
			isa = XCConfigurationList;
			buildConfigurations = (
				41B74554FB778A3E4281383E /* Debug */,
				6197093B23E69FE732AFA0C0 /* Release */,
			);
			defaultConfigurationIsVisible = 0;
			defaultConfigurationName = Debug;
		};
/* End XCConfigurationList section */

/* Begin XCLocalSwiftPackageReference section */
		0218E04C3402C3090FADECBF /* XCLocalSwiftPackageReference "TandemCrypto" */ = {
			isa = XCLocalSwiftPackageReference;
			relativePath = Packages/TandemCrypto;
		};
		465E8D8E5336455AEFFF2E07 /* XCLocalSwiftPackageReference "TandemStore" */ = {
			isa = XCLocalSwiftPackageReference;
			relativePath = Packages/TandemStore;
		};
		4A7276332FF58EA55BA12C73 /* XCLocalSwiftPackageReference "TandemDevices" */ = {
			isa = XCLocalSwiftPackageReference;
			relativePath = Packages/TandemDevices;
		};
		73EE49CC2108D74C59165AC9 /* XCLocalSwiftPackageReference "TandemDesign" */ = {
			isa = XCLocalSwiftPackageReference;
			relativePath = Packages/TandemDesign;
		};
		7F7D28370B22FFA6B9153614 /* XCLocalSwiftPackageReference "TandemProtocol" */ = {
			isa = XCLocalSwiftPackageReference;
			relativePath = Packages/TandemProtocol;
		};
		8D44A28EA3C41DA1C33B2BAF /* XCLocalSwiftPackageReference "FeatureNotifications" */ = {
			isa = XCLocalSwiftPackageReference;
			relativePath = Packages/FeatureNotifications;
		};
		DFEA52698D47E79167671FD7 /* XCLocalSwiftPackageReference "TandemPairing" */ = {
			isa = XCLocalSwiftPackageReference;
			relativePath = Packages/TandemPairing;
		};
		F0660F4B776D4E909F09E6D3 /* XCLocalSwiftPackageReference "FeatureClipboard" */ = {
			isa = XCLocalSwiftPackageReference;
			relativePath = Packages/FeatureClipboard;
		};
		A40100000000000000E40A04 /* XCLocalSwiftPackageReference "FeatureFiles" */ = {
			isa = XCLocalSwiftPackageReference;
			relativePath = Packages/FeatureFiles;
		};
		E50070000000000000000A04 /* XCLocalSwiftPackageReference "FeatureMessaging" */ = {
			isa = XCLocalSwiftPackageReference;
			relativePath = Packages/FeatureMessaging;
		};
		E52060000000000000000011 /* XCLocalSwiftPackageReference "FeatureCalls" */ = {
			isa = XCLocalSwiftPackageReference;
			relativePath = Packages/FeatureCalls;
		};
		E72080000000000000000011 /* XCLocalSwiftPackageReference "FeatureMedia" */ = {
			isa = XCLocalSwiftPackageReference;
			relativePath = Packages/FeatureMedia;
		};
		E61120000000000000000011 /* XCLocalSwiftPackageReference "FeatureMirror" */ = {
			isa = XCLocalSwiftPackageReference;
			relativePath = Packages/FeatureMirror;
		};
		E72130000000000000000011 /* XCLocalSwiftPackageReference "FeatureFocus" */ = {
			isa = XCLocalSwiftPackageReference;
			relativePath = Packages/FeatureFocus;
		};
		FE7626BCD2453DAC6B0044D3 /* XCLocalSwiftPackageReference "TandemTransport" */ = {
			isa = XCLocalSwiftPackageReference;
			relativePath = Packages/TandemTransport;
		};
/* End XCLocalSwiftPackageReference section */

/* Begin XCSwiftPackageProductDependency section */
		12FE37962CD7F002672F2964 /* TandemCrypto */ = {
			isa = XCSwiftPackageProductDependency;
			productName = TandemCrypto;
		};
		1988BC0B564CCF8C41148DCF /* TandemProtocol */ = {
			isa = XCSwiftPackageProductDependency;
			productName = TandemProtocol;
		};
		19FA760857066CAA11B0A7B3 /* TandemPairing */ = {
			isa = XCSwiftPackageProductDependency;
			productName = TandemPairing;
		};
		357221C8D301D0173582718D /* TandemDevices */ = {
			isa = XCSwiftPackageProductDependency;
			productName = TandemDevices;
		};
		3DC26889FCB92D7B4111DCDC /* TandemDesign */ = {
			isa = XCSwiftPackageProductDependency;
			package = 73EE49CC2108D74C59165AC9 /* XCLocalSwiftPackageReference "TandemDesign" */;
			productName = TandemDesign;
		};
		84D30D39F94B2E8AE9912DBD /* TandemStore */ = {
			isa = XCSwiftPackageProductDependency;
			productName = TandemStore;
		};
		9198B05ADBA40A7A02B76C74 /* TandemTransport */ = {
			isa = XCSwiftPackageProductDependency;
			productName = TandemTransport;
		};
		A3BE2B086DAB311AFA67E1C3 /* FeatureNotifications */ = {
			isa = XCSwiftPackageProductDependency;
			package = 8D44A28EA3C41DA1C33B2BAF /* XCLocalSwiftPackageReference "FeatureNotifications" */;
			productName = FeatureNotifications;
		};
		BE8F0E46D0DF41D3590CE07D /* TandemProtocol */ = {
			isa = XCSwiftPackageProductDependency;
			productName = TandemProtocol;
		};
		EECB08419E116CE4C7224F72 /* FeatureClipboard */ = {
			isa = XCSwiftPackageProductDependency;
			package = F0660F4B776D4E909F09E6D3 /* XCLocalSwiftPackageReference "FeatureClipboard" */;
			productName = FeatureClipboard;
		};
		A40100000000000000E40B01 /* FeatureFiles */ = {
			isa = XCSwiftPackageProductDependency;
			package = A40100000000000000E40A04 /* XCLocalSwiftPackageReference "FeatureFiles" */;
			productName = FeatureFiles;
		};
		A40100000000000000E40A01 /* FeatureFiles */ = {
			isa = XCSwiftPackageProductDependency;
			package = A40100000000000000E40A04 /* XCLocalSwiftPackageReference "FeatureFiles" */;
			productName = FeatureFiles;
		};
		E50070000000000000000A01 /* FeatureMessaging */ = {
			isa = XCSwiftPackageProductDependency;
			package = E50070000000000000000A04 /* XCLocalSwiftPackageReference "FeatureMessaging" */;
			productName = FeatureMessaging;
		};
		E52060000000000000000012 /* FeatureCalls */ = {
			isa = XCSwiftPackageProductDependency;
			package = E52060000000000000000011 /* XCLocalSwiftPackageReference "FeatureCalls" */;
			productName = FeatureCalls;
		};
		E72080000000000000000012 /* FeatureMedia */ = {
			isa = XCSwiftPackageProductDependency;
			package = E72080000000000000000011 /* XCLocalSwiftPackageReference "FeatureMedia" */;
			productName = FeatureMedia;
		};
		E61120000000000000000012 /* FeatureMirror */ = {
			isa = XCSwiftPackageProductDependency;
			package = E61120000000000000000011 /* XCLocalSwiftPackageReference "FeatureMirror" */;
			productName = FeatureMirror;
		};
		E72130000000000000000012 /* FeatureFocus */ = {
			isa = XCSwiftPackageProductDependency;
			package = E72130000000000000000011 /* XCLocalSwiftPackageReference "FeatureFocus" */;
			productName = FeatureFocus;
		};
/* End XCSwiftPackageProductDependency section */
	};
	rootObject = 65C5B6802EBC009E346053A9 /* Project object */;
}
